{
  "version": 4,
  "terraform_version": "1.1.7",
  "serial": 429,
  "lineage": "69e90199-da05-e47b-1040-8f3271c2959b",
  "outputs": {},
  "resources": [
    {
      "module": "module.eric-site",
      "mode": "managed",
      "type": "aws_cloudfront_distribution",
      "name": "cdn",
      "provider": "module.eric-site.provider[\"registry.terraform.io/hashicorp/aws\"]",
      "instances": [
        {
          "schema_version": 1,
          "attributes": {
            "aliases": [
              "eric.wehrly.com"
            ],
            "arn": "arn:aws:cloudfront::428933486948:distribution/EGO7EIO7RTKIL",
            "caller_reference": "terraform-20220817002738464900000002",
            "comment": null,
            "continuous_deployment_policy_id": "",
            "custom_error_response": [],
            "default_cache_behavior": [
              {
                "allowed_methods": [
                  "GET",
                  "HEAD",
                  "OPTIONS"
                ],
                "cache_policy_id": "",
                "cached_methods": [
                  "GET",
                  "HEAD"
                ],
                "compress": false,
                "default_ttl": 3600,
                "field_level_encryption_id": "",
                "forwarded_values": [
                  {
                    "cookies": [
                      {
                        "forward": "none",
                        "whitelisted_names": []
                      }
                    ],
                    "headers": [],
                    "query_string": true,
                    "query_string_cache_keys": []
                  }
                ],
                "function_association": [],
                "lambda_function_association": [],
                "max_ttl": 86400,
                "min_ttl": 0,
                "origin_request_policy_id": "",
                "realtime_log_config_arn": "",
                "response_headers_policy_id": "",
                "smooth_streaming": false,
                "target_origin_id": "eric.wehrly.com",
                "trusted_key_groups": [],
                "trusted_signers": [],
                "viewer_protocol_policy": "redirect-to-https"
              }
            ],
            "default_root_object": "index.html",
            "domain_name": "d227o766y7tcpa.cloudfront.net",
            "enabled": true,
            "etag": "E29X08C6D8P16G",
            "hosted_zone_id": "Z2FDTNDATAQYW2",
            "http_version": "http2",
            "id": "EGO7EIO7RTKIL",
            "in_progress_validation_batches": 0,
            "is_ipv6_enabled": false,
            "last_modified_time": "2024-05-07 03:09:47.937 +0000 UTC",
            "logging_config": [],
            "ordered_cache_behavior": [],
            "origin": [
              {
                "connection_attempts": 3,
                "connection_timeout": 10,
                "custom_header": [],
                "custom_origin_config": [],
                "domain_name": "eric.wehrly.com.s3.amazonaws.com",
                "origin_access_control_id": "",
                "origin_id": "eric.wehrly.com",
                "origin_path": "",
                "origin_shield": [],
                "s3_origin_config": []
              }
            ],
            "origin_group": [],
            "price_class": "PriceClass_100",
            "restrictions": [
              {
                "geo_restriction": [
                  {
                    "locations": [],
                    "restriction_type": "none"
                  }
                ]
              }
            ],
            "retain_on_delete": false,
            "staging": false,
            "status": "Deployed",
            "tags": {},
            "tags_all": {},
            "trusted_key_groups": [
              {
                "enabled": false,
                "items": []
              }
            ],
            "trusted_signers": [
              {
                "enabled": false,
                "items": []
              }
            ],
            "viewer_certificate": [
              {
                "acm_certificate_arn": "arn:aws:acm:us-east-1:428933486948:certificate/1f1c2305-429b-4889-8b08-77ce681f18b1",
                "cloudfront_default_certificate": false,
                "iam_certificate_id": "",
                "minimum_protocol_version": "TLSv1",
                "ssl_support_method": "sni-only"
              }
            ],
            "wait_for_deployment": true,
            "web_acl_id": ""
          },
          "sensitive_attributes": [],
          "private": "eyJzY2hlbWFfdmVyc2lvbiI6IjEifQ=="
        }
      ]
    },
    {
      "module": "module.eric-site",
      "mode": "managed",
      "type": "aws_route53_record",
      "name": "root_domain",
      "provider": "module.eric-site.provider[\"registry.terraform.io/hashicorp/aws\"]",
      "instances": [
        {
          "schema_version": 2,
          "attributes": {
            "alias": [
              {
                "evaluate_target_health": false,
                "name": "d227o766y7tcpa.cloudfront.net",
                "zone_id": "Z2FDTNDATAQYW2"
              }
            ],
            "allow_overwrite": null,
            "cidr_routing_policy": [],
            "failover_routing_policy": [],
            "fqdn": "eric.wehrly.com",
            "geolocation_routing_policy": [],
            "geoproximity_routing_policy": [],
            "health_check_id": "",
            "id": "Z338L3MCT403SF_eric.wehrly.com_A",
            "latency_routing_policy": [],
            "multivalue_answer_routing_policy": false,
            "name": "eric.wehrly.com",
            "records": [],
            "set_identifier": "",
            "ttl": 0,
            "type": "A",
            "weighted_routing_policy": [],
            "zone_id": "Z338L3MCT403SF"
          },
          "sensitive_attributes": [],
          "private": "eyJzY2hlbWFfdmVyc2lvbiI6IjIifQ==",
          "dependencies": [
            "module.eric-site.aws_cloudfront_distribution.cdn",
            "module.eric-site.aws_route53_zone.main"
          ]
        }
      ]
    },
    {
      "module": "module.eric-site",
      "mode": "managed",
      "type": "aws_route53_zone",
      "name": "main",
      "provider": "module.eric-site.provider[\"registry.terraform.io/hashicorp/aws\"]",
      "instances": [
        {
          "schema_version": 0,
          "attributes": {
            "arn": "arn:aws:route53:::hostedzone/Z338L3MCT403SF",
            "comment": "Managed by Terraform",
            "delegation_set_id": "",
            "force_destroy": false,
            "id": "Z338L3MCT403SF",
            "name": "wehrly.com",
            "name_servers": [
              "ns-1277.awsdns-31.org",
              "ns-1693.awsdns-19.co.uk",
              "ns-27.awsdns-03.com",
              "ns-976.awsdns-58.net"
            ],
            "primary_name_server": "ns-27.awsdns-03.com",
            "tags": {},
            "tags_all": {},
            "vpc": [],
            "zone_id": "Z338L3MCT403SF"
          },
          "sensitive_attributes": [],
          "private": "bnVsbA=="
        }
      ]
    },
    {
      "module": "module.eric-site",
      "mode": "managed",
      "type": "aws_s3_bucket",
      "name": "site",
      "provider": "module.eric-site.provider[\"registry.terraform.io/hashicorp/aws\"]",
      "instances": [
        {
          "schema_version": 0,
          "attributes": {
            "acceleration_status": "",
            "acl": "public-read",
            "arn": "arn:aws:s3:::eric.wehrly.com",
            "bucket": "eric.wehrly.com",
            "bucket_domain_name": "eric.wehrly.com.s3.amazonaws.com",
            "bucket_prefix": "",
            "bucket_regional_domain_name": "eric.wehrly.com.s3.us-east-1.amazonaws.com",
            "cors_rule": [],
            "force_destroy": false,
            "grant": [
              {
                "id": "",
                "permissions": [
                  "READ"
                ],
                "type": "Group",
                "uri": "http://acs.amazonaws.com/groups/global/AllUsers"
              },
              {
                "id": "0375be2831d510f5a56e4538a24213259bbca3fb66d0750792d5d04a629b21d1",
                "permissions": [
                  "FULL_CONTROL"
                ],
                "type": "CanonicalUser",
                "uri": ""
              }
            ],
            "hosted_zone_id": "Z3AQBSTGFYJSTF",
            "id": "eric.wehrly.com",
            "lifecycle_rule": [],
            "logging": [],
            "object_lock_configuration": [],
            "object_lock_enabled": false,
            "policy": "{\"Statement\":[{\"Action\":[\"s3:GetObject\"],\"Effect\":\"Allow\",\"Principal\":{\"AWS\":\"*\"},\"Resource\":[\"arn:aws:s3:::eric.wehrly.com/*\"],\"Sid\":\"AllowPublicRead\"}],\"Version\":\"2008-10-17\"}",
            "region": "us-east-1",
            "replication_configuration": [],
            "request_payer": "BucketOwner",
            "server_side_encryption_configuration": [
              {
                "rule": [
                  {
                    "apply_server_side_encryption_by_default": [
                      {
                        "kms_master_key_id": "",
                        "sse_algorithm": "AES256"
                      }
                    ],
                    "bucket_key_enabled": false
                  }
                ]
              }
            ],
            "tags": {},
            "tags_all": {},
            "timeouts": null,
            "versioning": [
              {
                "enabled": false,
                "mfa_delete": false
              }
            ],
            "website": [
              {
                "error_document": "",
                "index_document": "index.html",
                "redirect_all_requests_to": "",
                "routing_rules": ""
              }
            ],
            "website_domain": "s3-website-us-east-1.amazonaws.com",
            "website_endpoint": "eric.wehrly.com.s3-website-us-east-1.amazonaws.com"
          },
          "sensitive_attributes": [],
          "private": "bnVsbA=="
        }
      ]
    },
    {
      "module": "module.eric-site",
      "mode": "managed",
      "type": "aws_s3_bucket_public_access_block",
      "name": "site_access",
      "provider": "module.eric-site.provider[\"registry.terraform.io/hashicorp/aws\"]",
      "instances": [
        {
          "schema_version": 0,
          "attributes": {
            "block_public_acls": false,
            "block_public_policy": false,
            "bucket": "eric.wehrly.com",
            "id": "eric.wehrly.com",
            "ignore_public_acls": false,
            "restrict_public_buckets": false
          },
          "sensitive_attributes": [],
          "private": "bnVsbA==",
          "dependencies": [
            "module.eric-site.aws_s3_bucket.site"
          ]
        }
      ]
    },
    {
      "module": "module.eric-site",
      "mode": "managed",
      "type": "aws_s3_bucket_website_configuration",
      "name": "site_config",
      "provider": "module.eric-site.provider[\"registry.terraform.io/hashicorp/aws\"]",
      "instances": [
        {
          "schema_version": 0,
          "attributes": {
            "bucket": "eric.wehrly.com",
            "error_document": [],
            "expected_bucket_owner": "",
            "id": "eric.wehrly.com",
            "index_document": [
              {
                "suffix": "index.html"
              }
            ],
            "redirect_all_requests_to": [],
            "routing_rule": [],
            "routing_rules": "",
            "website_domain": "s3-website-us-east-1.amazonaws.com",
            "website_endpoint": "eric.wehrly.com.s3-website-us-east-1.amazonaws.com"
          },
          "sensitive_attributes": [],
          "private": "bnVsbA==",
          "dependencies": [
            "module.eric-site.aws_s3_bucket.site"
          ]
        }
      ]
    },
    {
      "module": "module.eric-site",
      "mode": "managed",
      "type": "aws_s3_object",
      "name": "static_files",
      "provider": "module.eric-site.provider[\"registry.terraform.io/hashicorp/aws\"]",
      "instances": [
        {
          "index_key": "games.css",
          "schema_version": 0,
          "attributes": {
            "acl": null,
            "arn": "arn:aws:s3:::eric.wehrly.com/games.css",
            "bucket": "eric.wehrly.com",
            "bucket_key_enabled": false,
            "cache_control": "",
            "checksum_algorithm": null,
            "checksum_crc32": "",
            "checksum_crc32c": "",
            "checksum_sha1": "",
            "checksum_sha256": "",
            "content": null,
            "content_base64": null,
            "content_disposition": "",
            "content_encoding": "",
            "content_language": "",
            "content_type": "text/css; charset=utf-8",
            "etag": "3c23daf46768ce18fd8d8bcfc92ff433",
            "force_destroy": false,
            "id": "games.css",
            "key": "games.css",
            "kms_key_id": null,
            "metadata": {},
            "object_lock_legal_hold_status": "",
            "object_lock_mode": "",
            "object_lock_retain_until_date": "",
            "override_provider": [],
            "server_side_encryption": "AES256",
            "source": "./eric/games.css",
            "source_hash": null,
            "storage_class": "STANDARD",
            "tags": {},
            "tags_all": {},
            "version_id": "",
            "website_redirect": ""
          },
          "sensitive_attributes": [],
          "private": "bnVsbA==",
          "dependencies": [
            "module.eric-site.aws_s3_bucket.site"
          ]
        },
        {
          "index_key": "games.json",
          "schema_version": 0,
          "attributes": {
            "acl": null,
            "arn": "arn:aws:s3:::eric.wehrly.com/games.json",
            "bucket": "eric.wehrly.com",
            "bucket_key_enabled": false,
            "cache_control": "",
            "checksum_algorithm": null,
            "checksum_crc32": "",
            "checksum_crc32c": "",
            "checksum_sha1": "",
            "checksum_sha256": "",
            "content": null,
            "content_base64": null,
            "content_disposition": "",
            "content_encoding": "",
            "content_language": "",
            "content_type": "application/json",
            "etag": "9bfa37e65b0da71d42bdc20e59064cfe",
            "force_destroy": false,
            "id": "games.json",
            "key": "games.json",
            "kms_key_id": null,
            "metadata": {},
            "object_lock_legal_hold_status": "",
            "object_lock_mode": "",
            "object_lock_retain_until_date": "",
            "override_provider": [],
            "server_side_encryption": "AES256",
            "source": "./eric/games.json",
            "source_hash": null,
            "storage_class": "STANDARD",
            "tags": {},
            "tags_all": {},
            "version_id": "",
            "website_redirect": ""
          },
          "sensitive_attributes": [],
          "private": "bnVsbA==",
          "dependencies": [
            "module.eric-site.aws_s3_bucket.site"
          ]
        },
        {
          "index_key": "games.mjs",
          "schema_version": 0,
          "attributes": {
            "acl": null,
            "arn": "arn:aws:s3:::eric.wehrly.com/games.mjs",
            "bucket": "eric.wehrly.com",
            "bucket_key_enabled": false,
            "cache_control": "",
            "checksum_algorithm": null,
            "checksum_crc32": "",
            "checksum_crc32c": "",
            "checksum_sha1": "",
            "checksum_sha256": "",
            "content": null,
            "content_base64": null,
            "content_disposition": "",
            "content_encoding": "",
            "content_language": "",
            "content_type": "text/javascript",
            "etag": "66a507bf957ceaeaefb1dcf5fc7ece5e",
            "force_destroy": false,
            "id": "games.mjs",
            "key": "games.mjs",
            "kms_key_id": null,
            "metadata": {},
            "object_lock_legal_hold_status": "",
            "object_lock_mode": "",
            "object_lock_retain_until_date": "",
            "override_provider": [],
            "server_side_encryption": "AES256",
            "source": "./eric/games.mjs",
            "source_hash": null,
            "storage_class": "STANDARD",
            "tags": {},
            "tags_all": {},
            "version_id": "",
            "website_redirect": ""
          },
          "sensitive_attributes": [],
          "private": "bnVsbA==",
          "dependencies": [
            "module.eric-site.aws_s3_bucket.site"
          ]
        },
        {
          "index_key": "index.html",
          "schema_version": 0,
          "attributes": {
            "acl": null,
            "arn": "arn:aws:s3:::eric.wehrly.com/index.html",
            "bucket": "eric.wehrly.com",
            "bucket_key_enabled": false,
            "cache_control": "",
            "checksum_algorithm": null,
            "checksum_crc32": "",
            "checksum_crc32c": "",
            "checksum_sha1": "",
            "checksum_sha256": "",
            "content": null,
            "content_base64": null,
            "content_disposition": "",
            "content_encoding": "",
            "content_language": "",
            "content_type": "text/html; charset=utf-8",
            "etag": "05a4ccbfc571a6cebdd762c8e230bd36",
            "force_destroy": false,
            "id": "index.html",
            "key": "index.html",
            "kms_key_id": null,
            "metadata": {},
            "object_lock_legal_hold_status": "",
            "object_lock_mode": "",
            "object_lock_retain_until_date": "",
            "override_provider": [],
            "server_side_encryption": "AES256",
            "source": "./eric/index.html",
            "source_hash": null,
            "storage_class": "STANDARD",
            "tags": {},
            "tags_all": {},
            "version_id": "",
            "website_redirect": ""
          },
          "sensitive_attributes": [],
          "private": "bnVsbA==",
          "dependencies": [
            "module.eric-site.aws_s3_bucket.site"
          ]
        }
      ]
    },
    {
      "module": "module.lookbook-site",
      "mode": "managed",
      "type": "aws_cloudfront_distribution",
      "name": "cdn",
      "provider": "module.lookbook-site.provider[\"registry.terraform.io/hashicorp/aws\"]",
      "instances": [
        {
          "schema_version": 1,
          "attributes": {
            "aliases": [
              "lookbook.wehrly.com"
            ],
            "arn": "arn:aws:cloudfront::428933486948:distribution/E2W6XOZA3IGOJ",
            "caller_reference": "terraform-20240508212608424900000002",
            "comment": null,
            "continuous_deployment_policy_id": "",
            "custom_error_response": [],
            "default_cache_behavior": [
              {
                "allowed_methods": [
                  "GET",
                  "HEAD",
                  "OPTIONS"
                ],
                "cache_policy_id": "",
                "cached_methods": [
                  "GET",
                  "HEAD"
                ],
                "compress": false,
                "default_ttl": 3600,
                "field_level_encryption_id": "",
                "forwarded_values": [
                  {
                    "cookies": [
                      {
                        "forward": "none",
                        "whitelisted_names": []
                      }
                    ],
                    "headers": [],
                    "query_string": true,
                    "query_string_cache_keys": []
                  }
                ],
                "function_association": [],
                "lambda_function_association": [],
                "max_ttl": 86400,
                "min_ttl": 0,
                "origin_request_policy_id": "",
                "realtime_log_config_arn": "",
                "response_headers_policy_id": "",
                "smooth_streaming": false,
                "target_origin_id": "lookbook.wehrly.com",
                "trusted_key_groups": [],
                "trusted_signers": [],
                "viewer_protocol_policy": "redirect-to-https"
              }
            ],
            "default_root_object": "index.html",
            "domain_name": "d3vm8xfbxcn7zp.cloudfront.net",
            "enabled": true,
            "etag": "E3LCIOL1N06RU6",
            "hosted_zone_id": "Z2FDTNDATAQYW2",
            "http_version": "http2",
            "id": "E2W6XOZA3IGOJ",
            "in_progress_validation_batches": 0,
            "is_ipv6_enabled": false,
            "last_modified_time": "2024-05-08 21:26:08.826 +0000 UTC",
            "logging_config": [],
            "ordered_cache_behavior": [],
            "origin": [
              {
                "connection_attempts": 3,
                "connection_timeout": 10,
                "custom_header": [],
                "custom_origin_config": [],
                "domain_name": "lookbook.wehrly.com.s3.amazonaws.com",
                "origin_access_control_id": "",
                "origin_id": "lookbook.wehrly.com",
                "origin_path": "",
                "origin_shield": [],
                "s3_origin_config": []
              }
            ],
            "origin_group": [],
            "price_class": "PriceClass_100",
            "restrictions": [
              {
                "geo_restriction": [
                  {
                    "locations": [],
                    "restriction_type": "none"
                  }
                ]
              }
            ],
            "retain_on_delete": false,
            "staging": false,
            "status": "Deployed",
            "tags": {},
            "tags_all": {},
            "trusted_key_groups": [
              {
                "enabled": false,
                "items": []
              }
            ],
            "trusted_signers": [
              {
                "enabled": false,
                "items": []
              }
            ],
            "viewer_certificate": [
              {
                "acm_certificate_arn": "arn:aws:acm:us-east-1:428933486948:certificate/1f1c2305-429b-4889-8b08-77ce681f18b1",
                "cloudfront_default_certificate": false,
                "iam_certificate_id": "",
                "minimum_protocol_version": "TLSv1",
                "ssl_support_method": "sni-only"
              }
            ],
            "wait_for_deployment": true,
            "web_acl_id": ""
          },
          "sensitive_attributes": [],
          "private": "eyJzY2hlbWFfdmVyc2lvbiI6IjEifQ=="
        }
      ]
    },
    {
      "module": "module.lookbook-site",
      "mode": "managed",
      "type": "aws_route53_record",
      "name": "root_domain",
      "provider": "module.lookbook-site.provider[\"registry.terraform.io/hashicorp/aws\"]",
      "instances": [
        {
          "schema_version": 2,
          "attributes": {
            "alias": [
              {
                "evaluate_target_health": false,
                "name": "d3vm8xfbxcn7zp.cloudfront.net",
                "zone_id": "Z2FDTNDATAQYW2"
              }
            ],
            "allow_overwrite": null,
            "cidr_routing_policy": [],
            "failover_routing_policy": [],
            "fqdn": "lookbook.wehrly.com",
            "geolocation_routing_policy": [],
            "geoproximity_routing_policy": [],
            "health_check_id": "",
            "id": "Z0639008H0MPYD756JCS_lookbook.wehrly.com_A",
            "latency_routing_policy": [],
            "multivalue_answer_routing_policy": false,
            "name": "lookbook.wehrly.com",
            "records": [],
            "set_identifier": "",
            "ttl": 0,
            "type": "A",
            "weighted_routing_policy": [],
            "zone_id": "Z0639008H0MPYD756JCS"
          },
          "sensitive_attributes": [],
          "private": "eyJzY2hlbWFfdmVyc2lvbiI6IjIifQ==",
          "dependencies": [
            "module.lookbook-site.aws_cloudfront_distribution.cdn",
            "module.lookbook-site.aws_route53_zone.main"
          ]
        }
      ]
    },
    {
      "module": "module.lookbook-site",
      "mode": "managed",
      "type": "aws_route53_zone",
      "name": "main",
      "provider": "module.lookbook-site.provider[\"registry.terraform.io/hashicorp/aws\"]",
      "instances": [
        {
          "schema_version": 0,
          "attributes": {
            "arn": "arn:aws:route53:::hostedzone/Z0639008H0MPYD756JCS",
            "comment": "Managed by Terraform",
            "delegation_set_id": "",
            "force_destroy": false,
            "id": "Z0639008H0MPYD756JCS",
            "name": "wehrly.com",
            "name_servers": [
              "ns-1353.awsdns-41.org",
              "ns-1828.awsdns-36.co.uk",
              "ns-363.awsdns-45.com",
              "ns-665.awsdns-19.net"
            ],
            "primary_name_server": "ns-665.awsdns-19.net",
            "tags": {},
            "tags_all": {},
            "vpc": [],
            "zone_id": "Z0639008H0MPYD756JCS"
          },
          "sensitive_attributes": [],
          "private": "bnVsbA=="
        }
      ]
    },
    {
      "module": "module.lookbook-site",
      "mode": "managed",
      "type": "aws_s3_bucket",
      "name": "site",
      "provider": "module.lookbook-site.provider[\"registry.terraform.io/hashicorp/aws\"]",
      "instances": [
        {
          "schema_version": 0,
          "attributes": {
            "acceleration_status": "",
            "acl": null,
            "arn": "arn:aws:s3:::lookbook.wehrly.com",
            "bucket": "lookbook.wehrly.com",
            "bucket_domain_name": "lookbook.wehrly.com.s3.amazonaws.com",
            "bucket_prefix": "",
            "bucket_regional_domain_name": "lookbook.wehrly.com.s3.us-east-1.amazonaws.com",
            "cors_rule": [],
            "force_destroy": false,
            "grant": [
              {
                "id": "0375be2831d510f5a56e4538a24213259bbca3fb66d0750792d5d04a629b21d1",
                "permissions": [
                  "FULL_CONTROL"
                ],
                "type": "CanonicalUser",
                "uri": ""
              }
            ],
            "hosted_zone_id": "Z3AQBSTGFYJSTF",
            "id": "lookbook.wehrly.com",
            "lifecycle_rule": [],
            "logging": [],
            "object_lock_configuration": [],
            "object_lock_enabled": false,
            "policy": "{\"Statement\":[{\"Action\":\"s3:GetObject\",\"Effect\":\"Allow\",\"Principal\":{\"AWS\":\"*\"},\"Resource\":\"arn:aws:s3:::lookbook.wehrly.com/*\",\"Sid\":\"AllowPublicRead\"}],\"Version\":\"2008-10-17\"}",
            "region": "us-east-1",
            "replication_configuration": [],
            "request_payer": "BucketOwner",
            "server_side_encryption_configuration": [
              {
                "rule": [
                  {
                    "apply_server_side_encryption_by_default": [
                      {
                        "kms_master_key_id": "",
                        "sse_algorithm": "AES256"
                      }
                    ],
                    "bucket_key_enabled": false
                  }
                ]
              }
            ],
            "tags": {},
            "tags_all": {},
            "timeouts": null,
            "versioning": [
              {
                "enabled": false,
                "mfa_delete": false
              }
            ],
            "website": [
              {
                "error_document": "",
                "index_document": "index.html",
                "redirect_all_requests_to": "",
                "routing_rules": ""
              }
            ],
            "website_domain": "s3-website-us-east-1.amazonaws.com",
            "website_endpoint": "lookbook.wehrly.com.s3-website-us-east-1.amazonaws.com"
          },
          "sensitive_attributes": [],
          "private": "eyJlMmJmYjczMC1lY2FhLTExZTYtOGY4OC0zNDM2M2JjN2M0YzAiOnsiY3JlYXRlIjoxMjAwMDAwMDAwMDAwLCJkZWxldGUiOjM2MDAwMDAwMDAwMDAsInJlYWQiOjEyMDAwMDAwMDAwMDAsInVwZGF0ZSI6MTIwMDAwMDAwMDAwMH19"
        }
      ]
    },
    {
      "module": "module.lookbook-site",
      "mode": "managed",
      "type": "aws_s3_bucket_public_access_block",
      "name": "site_access",
      "provider": "module.lookbook-site.provider[\"registry.terraform.io/hashicorp/aws\"]",
      "instances": [
        {
          "schema_version": 0,
          "attributes": {
            "block_public_acls": false,
            "block_public_policy": false,
            "bucket": "lookbook.wehrly.com",
            "id": "lookbook.wehrly.com",
            "ignore_public_acls": false,
            "restrict_public_buckets": false
          },
          "sensitive_attributes": [],
          "private": "bnVsbA==",
          "dependencies": [
            "module.lookbook-site.aws_s3_bucket.site"
          ]
        }
      ]
    },
    {
      "module": "module.lookbook-site",
      "mode": "managed",
      "type": "aws_s3_bucket_website_configuration",
      "name": "site_config",
      "provider": "module.lookbook-site.provider[\"registry.terraform.io/hashicorp/aws\"]",
      "instances": [
        {
          "schema_version": 0,
          "attributes": {
            "bucket": "lookbook.wehrly.com",
            "error_document": [],
            "expected_bucket_owner": "",
            "id": "lookbook.wehrly.com",
            "index_document": [
              {
                "suffix": "index.html"
              }
            ],
            "redirect_all_requests_to": [],
            "routing_rule": [],
            "routing_rules": "",
            "website_domain": "s3-website-us-east-1.amazonaws.com",
            "website_endpoint": "lookbook.wehrly.com.s3-website-us-east-1.amazonaws.com"
          },
          "sensitive_attributes": [],
          "private": "bnVsbA==",
          "dependencies": [
            "module.lookbook-site.aws_s3_bucket.site"
          ]
        }
      ]
    },
    {
      "module": "module.wedding-site",
      "mode": "managed",
      "type": "aws_cloudfront_distribution",
      "name": "cdn",
      "provider": "module.wedding-site.provider[\"registry.terraform.io/hashicorp/aws\"]",
      "instances": [
        {
          "schema_version": 1,
          "attributes": {
            "aliases": [
              "huynh.wehrly.com"
            ],
            "arn": "arn:aws:cloudfront::428933486948:distribution/E1LPOQAQPOZOBD",
            "caller_reference": "terraform-20240330022752555900000002",
            "comment": null,
            "continuous_deployment_policy_id": "",
            "custom_error_response": [],
            "default_cache_behavior": [
              {
                "allowed_methods": [
                  "GET",
                  "HEAD",
                  "OPTIONS"
                ],
                "cache_policy_id": "",
                "cached_methods": [
                  "GET",
                  "HEAD"
                ],
                "compress": false,
                "default_ttl": 3600,
                "field_level_encryption_id": "",
                "forwarded_values": [
                  {
                    "cookies": [
                      {
                        "forward": "none",
                        "whitelisted_names": []
                      }
                    ],
                    "headers": [],
                    "query_string": true,
                    "query_string_cache_keys": []
                  }
                ],
                "function_association": [],
                "lambda_function_association": [],
                "max_ttl": 86400,
                "min_ttl": 0,
                "origin_request_policy_id": "",
                "realtime_log_config_arn": "",
                "response_headers_policy_id": "",
                "smooth_streaming": false,
                "target_origin_id": "huynh.wehrly.com",
                "trusted_key_groups": [],
                "trusted_signers": [],
                "viewer_protocol_policy": "redirect-to-https"
              }
            ],
            "default_root_object": "index.html",
            "domain_name": "d23rvkqpi39tl1.cloudfront.net",
            "enabled": true,
            "etag": "EFUP7C9W0SLBU",
            "hosted_zone_id": "Z2FDTNDATAQYW2",
            "http_version": "http2",
            "id": "E1LPOQAQPOZOBD",
            "in_progress_validation_batches": 0,
            "is_ipv6_enabled": false,
            "last_modified_time": "2024-05-07 03:09:47.469 +0000 UTC",
            "logging_config": [],
            "ordered_cache_behavior": [],
            "origin": [
              {
                "connection_attempts": 3,
                "connection_timeout": 10,
                "custom_header": [],
                "custom_origin_config": [],
                "domain_name": "huynh.wehrly.com.s3.amazonaws.com",
                "origin_access_control_id": "",
                "origin_id": "huynh.wehrly.com",
                "origin_path": "",
                "origin_shield": [],
                "s3_origin_config": []
              }
            ],
            "origin_group": [],
            "price_class": "PriceClass_100",
            "restrictions": [
              {
                "geo_restriction": [
                  {
                    "locations": [],
                    "restriction_type": "none"
                  }
                ]
              }
            ],
            "retain_on_delete": false,
            "staging": false,
            "status": "Deployed",
            "tags": {},
            "tags_all": {},
            "trusted_key_groups": [
              {
                "enabled": false,
                "items": []
              }
            ],
            "trusted_signers": [
              {
                "enabled": false,
                "items": []
              }
            ],
            "viewer_certificate": [
              {
                "acm_certificate_arn": "arn:aws:acm:us-east-1:428933486948:certificate/1f1c2305-429b-4889-8b08-77ce681f18b1",
                "cloudfront_default_certificate": false,
                "iam_certificate_id": "",
                "minimum_protocol_version": "TLSv1",
                "ssl_support_method": "sni-only"
              }
            ],
            "wait_for_deployment": true,
            "web_acl_id": ""
          },
          "sensitive_attributes": [],
          "private": "eyJzY2hlbWFfdmVyc2lvbiI6IjEifQ=="
        }
      ]
    },
    {
      "module": "module.wedding-site",
      "mode": "managed",
      "type": "aws_route53_record",
      "name": "root_domain",
      "provider": "module.wedding-site.provider[\"registry.terraform.io/hashicorp/aws\"]",
      "instances": [
        {
          "schema_version": 2,
          "attributes": {
            "alias": [
              {
                "evaluate_target_health": false,
                "name": "d23rvkqpi39tl1.cloudfront.net",
                "zone_id": "Z2FDTNDATAQYW2"
              }
            ],
            "allow_overwrite": null,
            "cidr_routing_policy": [],
            "failover_routing_policy": [],
            "fqdn": "huynh.wehrly.com",
            "geolocation_routing_policy": [],
            "geoproximity_routing_policy": [],
            "health_check_id": "",
            "id": "Z04949791Z3UJMZ4L45L9_huynh.wehrly.com_A",
            "latency_routing_policy": [],
            "multivalue_answer_routing_policy": false,
            "name": "huynh.wehrly.com",
            "records": [],
            "set_identifier": "",
            "ttl": 0,
            "type": "A",
            "weighted_routing_policy": [],
            "zone_id": "Z04949791Z3UJMZ4L45L9"
          },
          "sensitive_attributes": [],
          "private": "eyJzY2hlbWFfdmVyc2lvbiI6IjIifQ==",
          "dependencies": [
            "module.wedding-site.aws_cloudfront_distribution.cdn",
            "module.wedding-site.aws_route53_zone.main"
          ]
        }
      ]
    },
    {
      "module": "module.wedding-site",
      "mode": "managed",
      "type": "aws_route53_zone",
      "name": "main",
      "provider": "module.wedding-site.provider[\"registry.terraform.io/hashicorp/aws\"]",
      "instances": [
        {
          "schema_version": 0,
          "attributes": {
            "arn": "arn:aws:route53:::hostedzone/Z04949791Z3UJMZ4L45L9",
            "comment": "Managed by Terraform",
            "delegation_set_id": "",
            "force_destroy": false,
            "id": "Z04949791Z3UJMZ4L45L9",
            "name": "wehrly.com",
            "name_servers": [
              "ns-1416.awsdns-49.org",
              "ns-1691.awsdns-19.co.uk",
              "ns-359.awsdns-44.com",
              "ns-979.awsdns-58.net"
            ],
            "primary_name_server": "ns-1416.awsdns-49.org",
            "tags": {},
            "tags_all": {},
            "vpc": [],
            "zone_id": "Z04949791Z3UJMZ4L45L9"
          },
          "sensitive_attributes": [],
          "private": "bnVsbA=="
        }
      ]
    },
    {
      "module": "module.wedding-site",
      "mode": "managed",
      "type": "aws_s3_bucket",
      "name": "site",
      "provider": "module.wedding-site.provider[\"registry.terraform.io/hashicorp/aws\"]",
      "instances": [
        {
          "schema_version": 0,
          "attributes": {
            "acceleration_status": "",
            "acl": null,
            "arn": "arn:aws:s3:::huynh.wehrly.com",
            "bucket": "huynh.wehrly.com",
            "bucket_domain_name": "huynh.wehrly.com.s3.amazonaws.com",
            "bucket_prefix": "",
            "bucket_regional_domain_name": "huynh.wehrly.com.s3.us-east-1.amazonaws.com",
            "cors_rule": [],
            "force_destroy": false,
            "grant": [
              {
                "id": "0375be2831d510f5a56e4538a24213259bbca3fb66d0750792d5d04a629b21d1",
                "permissions": [
                  "FULL_CONTROL"
                ],
                "type": "CanonicalUser",
                "uri": ""
              }
            ],
            "hosted_zone_id": "Z3AQBSTGFYJSTF",
            "id": "huynh.wehrly.com",
            "lifecycle_rule": [],
            "logging": [],
            "object_lock_configuration": [],
            "object_lock_enabled": false,
            "policy": "{\"Statement\":[{\"Action\":[\"s3:GetObject\"],\"Effect\":\"Allow\",\"Principal\":{\"AWS\":\"*\"},\"Resource\":[\"arn:aws:s3:::huynh.wehrly.com/*\"],\"Sid\":\"AllowPublicRead\"}],\"Version\":\"2008-10-17\"}",
            "region": "us-east-1",
            "replication_configuration": [],
            "request_payer": "BucketOwner",
            "server_side_encryption_configuration": [
              {
                "rule": [
                  {
                    "apply_server_side_encryption_by_default": [
                      {
                        "kms_master_key_id": "",
                        "sse_algorithm": "AES256"
                      }
                    ],
                    "bucket_key_enabled": false
                  }
                ]
              }
            ],
            "tags": {},
            "tags_all": {},
            "timeouts": null,
            "versioning": [
              {
                "enabled": false,
                "mfa_delete": false
              }
            ],
            "website": [
              {
                "error_document": "",
                "index_document": "index.html",
                "redirect_all_requests_to": "",
                "routing_rules": ""
              }
            ],
            "website_domain": "s3-website-us-east-1.amazonaws.com",
            "website_endpoint": "huynh.wehrly.com.s3-website-us-east-1.amazonaws.com"
          },
          "sensitive_attributes": [],
          "private": "eyJlMmJmYjczMC1lY2FhLTExZTYtOGY4OC0zNDM2M2JjN2M0YzAiOnsiY3JlYXRlIjoxMjAwMDAwMDAwMDAwLCJkZWxldGUiOjM2MDAwMDAwMDAwMDAsInJlYWQiOjEyMDAwMDAwMDAwMDAsInVwZGF0ZSI6MTIwMDAwMDAwMDAwMH19"
        }
      ]
    },
    {
      "module": "module.wedding-site",
      "mode": "managed",
      "type": "aws_s3_bucket_public_access_block",
      "name": "site_access",
      "provider": "module.wedding-site.provider[\"registry.terraform.io/hashicorp/aws\"]",
      "instances": [
        {
          "schema_version": 0,
          "attributes": {
            "block_public_acls": false,
            "block_public_policy": false,
            "bucket": "huynh.wehrly.com",
            "id": "huynh.wehrly.com",
            "ignore_public_acls": false,
            "restrict_public_buckets": false
          },
          "sensitive_attributes": [],
          "private": "bnVsbA==",
          "dependencies": [
            "module.wedding-site.aws_s3_bucket.site"
          ]
        }
      ]
    },
    {
      "module": "module.wedding-site",
      "mode": "managed",
      "type": "aws_s3_bucket_website_configuration",
      "name": "site_config",
      "provider": "module.wedding-site.provider[\"registry.terraform.io/hashicorp/aws\"]",
      "instances": [
        {
          "schema_version": 0,
          "attributes": {
            "bucket": "huynh.wehrly.com",
            "error_document": [],
            "expected_bucket_owner": "",
            "id": "huynh.wehrly.com",
            "index_document": [
              {
                "suffix": "index.html"
              }
            ],
            "redirect_all_requests_to": [],
            "routing_rule": [],
            "routing_rules": "",
            "website_domain": "s3-website-us-east-1.amazonaws.com",
            "website_endpoint": "huynh.wehrly.com.s3-website-us-east-1.amazonaws.com"
          },
          "sensitive_attributes": [],
          "private": "bnVsbA==",
          "dependencies": [
            "module.wedding-site.aws_s3_bucket.site"
          ]
        }
      ]
    },
    {
      "module": "module.wedding-site",
      "mode": "managed",
      "type": "aws_s3_object",
      "name": "static_files",
      "provider": "module.wedding-site.provider[\"registry.terraform.io/hashicorp/aws\"]",
      "instances": [
        {
          "index_key": "css/Union__fragment__html-document-parts_head.css",
          "schema_version": 0,
          "attributes": {
            "acl": null,
            "arn": "arn:aws:s3:::huynh.wehrly.com/css/Union__fragment__html-document-parts_head.css",
            "bucket": "huynh.wehrly.com",
            "bucket_key_enabled": false,
            "cache_control": "",
            "checksum_algorithm": null,
            "checksum_crc32": "",
            "checksum_crc32c": "",
            "checksum_sha1": "",
            "checksum_sha256": "",
            "content": null,
            "content_base64": null,
            "content_disposition": "",
            "content_encoding": "",
            "content_language": "",
            "content_type": "text/css; charset=utf-8",
            "etag": "2b4881d948f8c1ffd983c40440a2fe82",
            "force_destroy": false,
            "id": "css/Union__fragment__html-document-parts_head.css",
            "key": "css/Union__fragment__html-document-parts_head.css",
            "kms_key_id": null,
            "metadata": {},
            "object_lock_legal_hold_status": "",
            "object_lock_mode": "",
            "object_lock_retain_until_date": "",
            "override_provider": [],
            "server_side_encryption": "AES256",
            "source": "./wedding/css/Union__fragment__html-document-parts_head.css",
            "source_hash": null,
            "storage_class": "STANDARD",
            "tags": {},
            "tags_all": {},
            "version_id": "",
            "website_redirect": ""
          },
          "sensitive_attributes": [],
          "private": "bnVsbA==",
          "dependencies": [
            "module.wedding-site.aws_s3_bucket.site"
          ]
        },
        {
          "index_key": "css/edub.css",
          "schema_version": 0,
          "attributes": {
            "acl": null,
            "arn": "arn:aws:s3:::huynh.wehrly.com/css/edub.css",
            "bucket": "huynh.wehrly.com",
            "bucket_key_enabled": false,
            "cache_control": "",
            "checksum_algorithm": null,
            "checksum_crc32": "",
            "checksum_crc32c": "",
            "checksum_sha1": "",
            "checksum_sha256": "",
            "content": null,
            "content_base64": null,
            "content_disposition": "",
            "content_encoding": "",
            "content_language": "",
            "content_type": "text/css; charset=utf-8",
            "etag": "3f417f13695ccad7df7eac21f96151e9",
            "force_destroy": false,
            "id": "css/edub.css",
            "key": "css/edub.css",
            "kms_key_id": null,
            "metadata": {},
            "object_lock_legal_hold_status": "",
            "object_lock_mode": "",
            "object_lock_retain_until_date": "",
            "override_provider": [],
            "server_side_encryption": "AES256",
            "source": "./wedding/css/edub.css",
            "source_hash": null,
            "storage_class": "STANDARD",
            "tags": {},
            "tags_all": {},
            "version_id": "",
            "website_redirect": ""
          },
          "sensitive_attributes": [],
          "private": "bnVsbA==",
          "dependencies": [
            "module.wedding-site.aws_s3_bucket.site"
          ]
        },
        {
          "index_key": "css/emotions.css",
          "schema_version": 0,
          "attributes": {
            "acl": null,
            "arn": "arn:aws:s3:::huynh.wehrly.com/css/emotions.css",
            "bucket": "huynh.wehrly.com",
            "bucket_key_enabled": false,
            "cache_control": "",
            "checksum_algorithm": null,
            "checksum_crc32": "",
            "checksum_crc32c": "",
            "checksum_sha1": "",
            "checksum_sha256": "",
            "content": null,
            "content_base64": null,
            "content_disposition": "",
            "content_encoding": "",
            "content_language": "",
            "content_type": "text/css; charset=utf-8",
            "etag": "3c39c2a707242dad0101fcbe8849dff0",
            "force_destroy": false,
            "id": "css/emotions.css",
            "key": "css/emotions.css",
            "kms_key_id": null,
            "metadata": {},
            "object_lock_legal_hold_status": "",
            "object_lock_mode": "",
            "object_lock_retain_until_date": "",
            "override_provider": [],
            "server_side_encryption": "AES256",
            "source": "./wedding/css/emotions.css",
            "source_hash": null,
            "storage_class": "STANDARD",
            "tags": {},
            "tags_all": {},
            "version_id": "",
            "website_redirect": ""
          },
          "sensitive_attributes": [],
          "private": "bnVsbA==",
          "dependencies": [
            "module.wedding-site.aws_s3_bucket.site"
          ]
        },
        {
          "index_key": "css/menu.css",
          "schema_version": 0,
          "attributes": {
            "acl": null,
            "arn": "arn:aws:s3:::huynh.wehrly.com/css/menu.css",
            "bucket": "huynh.wehrly.com",
            "bucket_key_enabled": false,
            "cache_control": "",
            "checksum_algorithm": null,
            "checksum_crc32": "",
            "checksum_crc32c": "",
            "checksum_sha1": "",
            "checksum_sha256": "",
            "content": null,
            "content_base64": null,
            "content_disposition": "",
            "content_encoding": "",
            "content_language": "",
            "content_type": "text/css; charset=utf-8",
            "etag": "09fc0c681b04ee91c080de7309014c6e",
            "force_destroy": false,
            "id": "css/menu.css",
            "key": "css/menu.css",
            "kms_key_id": null,
            "metadata": {},
            "object_lock_legal_hold_status": "",
            "object_lock_mode": "",
            "object_lock_retain_until_date": "",
            "override_provider": [],
            "server_side_encryption": "AES256",
            "source": "./wedding/css/menu.css",
            "source_hash": null,
            "storage_class": "STANDARD",
            "tags": {},
            "tags_all": {},
            "version_id": "",
            "website_redirect": ""
          },
          "sensitive_attributes": [],
          "private": "bnVsbA==",
          "dependencies": [
            "module.wedding-site.aws_s3_bucket.site"
          ]
        },
        {
          "index_key": "img/allie1.jpg",
          "schema_version": 0,
          "attributes": {
            "acl": null,
            "arn": "arn:aws:s3:::huynh.wehrly.com/img/allie1.jpg",
            "bucket": "huynh.wehrly.com",
            "bucket_key_enabled": false,
            "cache_control": "",
            "checksum_algorithm": null,
            "checksum_crc32": "",
            "checksum_crc32c": "",
            "checksum_sha1": "",
            "checksum_sha256": "",
            "content": null,
            "content_base64": null,
            "content_disposition": "",
            "content_encoding": "",
            "content_language": "",
            "content_type": "image/jpeg",
            "etag": "33a020463f47f99f8895acf690765941",
            "force_destroy": false,
            "id": "img/allie1.jpg",
            "key": "img/allie1.jpg",
            "kms_key_id": null,
            "metadata": {},
            "object_lock_legal_hold_status": "",
            "object_lock_mode": "",
            "object_lock_retain_until_date": "",
            "override_provider": [],
            "server_side_encryption": "AES256",
            "source": "./wedding/img/allie1.jpg",
            "source_hash": null,
            "storage_class": "STANDARD",
            "tags": {},
            "tags_all": {},
            "version_id": "",
            "website_redirect": ""
          },
          "sensitive_attributes": [],
          "private": "bnVsbA==",
          "dependencies": [
            "module.wedding-site.aws_s3_bucket.site"
          ]
        },
        {
          "index_key": "img/allie2.jpg",
          "schema_version": 0,
          "attributes": {
            "acl": null,
            "arn": "arn:aws:s3:::huynh.wehrly.com/img/allie2.jpg",
            "bucket": "huynh.wehrly.com",
            "bucket_key_enabled": false,
            "cache_control": "",
            "checksum_algorithm": null,
            "checksum_crc32": "",
            "checksum_crc32c": "",
            "checksum_sha1": "",
            "checksum_sha256": "",
            "content": null,
            "content_base64": null,
            "content_disposition": "",
            "content_encoding": "",
            "content_language": "",
            "content_type": "image/jpeg",
            "etag": "2ad004695c77fdc52e9491cd43e4f9ca",
            "force_destroy": false,
            "id": "img/allie2.jpg",
            "key": "img/allie2.jpg",
            "kms_key_id": null,
            "metadata": {},
            "object_lock_legal_hold_status": "",
            "object_lock_mode": "",
            "object_lock_retain_until_date": "",
            "override_provider": [],
            "server_side_encryption": "AES256",
            "source": "./wedding/img/allie2.jpg",
            "source_hash": null,
            "storage_class": "STANDARD",
            "tags": {},
            "tags_all": {},
            "version_id": "",
            "website_redirect": ""
          },
          "sensitive_attributes": [],
          "private": "bnVsbA==",
          "dependencies": [
            "module.wedding-site.aws_s3_bucket.site"
          ]
        },
        {
          "index_key": "img/allie3.jpg",
          "schema_version": 0,
          "attributes": {
            "acl": null,
            "arn": "arn:aws:s3:::huynh.wehrly.com/img/allie3.jpg",
            "bucket": "huynh.wehrly.com",
            "bucket_key_enabled": false,
            "cache_control": "",
            "checksum_algorithm": null,
            "checksum_crc32": "",
            "checksum_crc32c": "",
            "checksum_sha1": "",
            "checksum_sha256": "",
            "content": null,
            "content_base64": null,
            "content_disposition": "",
            "content_encoding": "",
            "content_language": "",
            "content_type": "image/jpeg",
            "etag": "8f276ec5cdcdfc9fb7f19e132e272753",
            "force_destroy": false,
            "id": "img/allie3.jpg",
            "key": "img/allie3.jpg",
            "kms_key_id": null,
            "metadata": {},
            "object_lock_legal_hold_status": "",
            "object_lock_mode": "",
            "object_lock_retain_until_date": "",
            "override_provider": [],
            "server_side_encryption": "AES256",
            "source": "./wedding/img/allie3.jpg",
            "source_hash": null,
            "storage_class": "STANDARD",
            "tags": {},
            "tags_all": {},
            "version_id": "",
            "website_redirect": ""
          },
          "sensitive_attributes": [],
          "private": "bnVsbA==",
          "dependencies": [
            "module.wedding-site.aws_s3_bucket.site"
          ]
        },
        {
          "index_key": "img/autumn-bella.jpg",
          "schema_version": 0,
          "attributes": {
            "acl": null,
            "arn": "arn:aws:s3:::huynh.wehrly.com/img/autumn-bella.jpg",
            "bucket": "huynh.wehrly.com",
            "bucket_key_enabled": false,
            "cache_control": "",
            "checksum_algorithm": null,
            "checksum_crc32": "",
            "checksum_crc32c": "",
            "checksum_sha1": "",
            "checksum_sha256": "",
            "content": null,
            "content_base64": null,
            "content_disposition": "",
            "content_encoding": "",
            "content_language": "",
            "content_type": "image/jpeg",
            "etag": "bfe0d8e3c3f15eee58d4d16ed3de6b75",
            "force_destroy": false,
            "id": "img/autumn-bella.jpg",
            "key": "img/autumn-bella.jpg",
            "kms_key_id": null,
            "metadata": null,
            "object_lock_legal_hold_status": "",
            "object_lock_mode": "",
            "object_lock_retain_until_date": "",
            "override_provider": [],
            "server_side_encryption": "AES256",
            "source": "./wedding/img/autumn-bella.jpg",
            "source_hash": null,
            "storage_class": "STANDARD",
            "tags": null,
            "tags_all": {},
            "version_id": "",
            "website_redirect": ""
          },
          "sensitive_attributes": [],
          "private": "bnVsbA==",
          "dependencies": [
            "module.wedding-site.aws_s3_bucket.site"
          ]
        },
        {
          "index_key": "img/autumn.jpg",
          "schema_version": 0,
          "attributes": {
            "acl": null,
            "arn": "arn:aws:s3:::huynh.wehrly.com/img/autumn.jpg",
            "bucket": "huynh.wehrly.com",
            "bucket_key_enabled": false,
            "cache_control": "",
            "checksum_algorithm": null,
            "checksum_crc32": "",
            "checksum_crc32c": "",
            "checksum_sha1": "",
            "checksum_sha256": "",
            "content": null,
            "content_base64": null,
            "content_disposition": "",
            "content_encoding": "",
            "content_language": "",
            "content_type": "image/jpeg",
            "etag": "0ce82533a232fbb4fe148dc37494be6d",
            "force_destroy": false,
            "id": "img/autumn.jpg",
            "key": "img/autumn.jpg",
            "kms_key_id": null,
            "metadata": null,
            "object_lock_legal_hold_status": "",
            "object_lock_mode": "",
            "object_lock_retain_until_date": "",
            "override_provider": [],
            "server_side_encryption": "AES256",
            "source": "./wedding/img/autumn.jpg",
            "source_hash": null,
            "storage_class": "STANDARD",
            "tags": null,
            "tags_all": {},
            "version_id": "",
            "website_redirect": ""
          },
          "sensitive_attributes": [],
          "private": "bnVsbA==",
          "dependencies": [
            "module.wedding-site.aws_s3_bucket.site"
          ]
        },
        {
          "index_key": "img/boombox.jpg",
          "schema_version": 0,
          "attributes": {
            "acl": null,
            "arn": "arn:aws:s3:::huynh.wehrly.com/img/boombox.jpg",
            "bucket": "huynh.wehrly.com",
            "bucket_key_enabled": false,
            "cache_control": "",
            "checksum_algorithm": null,
            "checksum_crc32": "",
            "checksum_crc32c": "",
            "checksum_sha1": "",
            "checksum_sha256": "",
            "content": null,
            "content_base64": null,
            "content_disposition": "",
            "content_encoding": "",
            "content_language": "",
            "content_type": "image/jpeg",
            "etag": "7579bfa9e2d39d501fe6c28225a7832c",
            "force_destroy": false,
            "id": "img/boombox.jpg",
            "key": "img/boombox.jpg",
            "kms_key_id": null,
            "metadata": {},
            "object_lock_legal_hold_status": "",
            "object_lock_mode": "",
            "object_lock_retain_until_date": "",
            "override_provider": [],
            "server_side_encryption": "AES256",
            "source": "./wedding/img/boombox.jpg",
            "source_hash": null,
            "storage_class": "STANDARD",
            "tags": {},
            "tags_all": {},
            "version_id": "",
            "website_redirect": ""
          },
          "sensitive_attributes": [],
          "private": "bnVsbA==",
          "dependencies": [
            "module.wedding-site.aws_s3_bucket.site"
          ]
        },
        {
          "index_key": "img/darrell.jpg",
          "schema_version": 0,
          "attributes": {
            "acl": null,
            "arn": "arn:aws:s3:::huynh.wehrly.com/img/darrell.jpg",
            "bucket": "huynh.wehrly.com",
            "bucket_key_enabled": false,
            "cache_control": "",
            "checksum_algorithm": null,
            "checksum_crc32": "",
            "checksum_crc32c": "",
            "checksum_sha1": "",
            "checksum_sha256": "",
            "content": null,
            "content_base64": null,
            "content_disposition": "",
            "content_encoding": "",
            "content_language": "",
            "content_type": "image/jpeg",
            "etag": "51d4ad93940635386d3f3e80a0ae7188",
            "force_destroy": false,
            "id": "img/darrell.jpg",
            "key": "img/darrell.jpg",
            "kms_key_id": null,
            "metadata": {},
            "object_lock_legal_hold_status": "",
            "object_lock_mode": "",
            "object_lock_retain_until_date": "",
            "override_provider": [],
            "server_side_encryption": "AES256",
            "source": "./wedding/img/darrell.jpg",
            "source_hash": null,
            "storage_class": "STANDARD",
            "tags": {},
            "tags_all": {},
            "version_id": "",
            "website_redirect": ""
          },
          "sensitive_attributes": [],
          "private": "bnVsbA==",
          "dependencies": [
            "module.wedding-site.aws_s3_bucket.site"
          ]
        },
        {
          "index_key": "img/engagement.jpg",
          "schema_version": 0,
          "attributes": {
            "acl": null,
            "arn": "arn:aws:s3:::huynh.wehrly.com/img/engagement.jpg",
            "bucket": "huynh.wehrly.com",
            "bucket_key_enabled": false,
            "cache_control": "",
            "checksum_algorithm": null,
            "checksum_crc32": "",
            "checksum_crc32c": "",
            "checksum_sha1": "",
            "checksum_sha256": "",
            "content": null,
            "content_base64": null,
            "content_disposition": "",
            "content_encoding": "",
            "content_language": "",
            "content_type": "image/jpeg",
            "etag": "44f0f6f809d8c05b90e885806f19917f",
            "force_destroy": false,
            "id": "img/engagement.jpg",
            "key": "img/engagement.jpg",
            "kms_key_id": null,
            "metadata": {},
            "object_lock_legal_hold_status": "",
            "object_lock_mode": "",
            "object_lock_retain_until_date": "",
            "override_provider": [],
            "server_side_encryption": "AES256",
            "source": "./wedding/img/engagement.jpg",
            "source_hash": null,
            "storage_class": "STANDARD",
            "tags": {},
            "tags_all": {},
            "version_id": "",
            "website_redirect": ""
          },
          "sensitive_attributes": [],
          "private": "bnVsbA==",
          "dependencies": [
            "module.wedding-site.aws_s3_bucket.site"
          ]
        },
        {
          "index_key": "img/favicon.ico",
          "schema_version": 0,
          "attributes": {
            "acl": null,
            "arn": "arn:aws:s3:::huynh.wehrly.com/img/favicon.ico",
            "bucket": "huynh.wehrly.com",
            "bucket_key_enabled": false,
            "cache_control": "",
            "checksum_algorithm": null,
            "checksum_crc32": "",
            "checksum_crc32c": "",
            "checksum_sha1": "",
            "checksum_sha256": "",
            "content": null,
            "content_base64": null,
            "content_disposition": "",
            "content_encoding": "",
            "content_language": "",
            "content_type": "image/vnd.microsoft.icon",
            "etag": "fab378b9a25e7418320df743d29f6562",
            "force_destroy": false,
            "id": "img/favicon.ico",
            "key": "img/favicon.ico",
            "kms_key_id": null,
            "metadata": {},
            "object_lock_legal_hold_status": "",
            "object_lock_mode": "",
            "object_lock_retain_until_date": "",
            "override_provider": [],
            "server_side_encryption": "AES256",
            "source": "./wedding/img/favicon.ico",
            "source_hash": null,
            "storage_class": "STANDARD",
            "tags": {},
            "tags_all": {},
            "version_id": "",
            "website_redirect": ""
          },
          "sensitive_attributes": [],
          "private": "bnVsbA==",
          "dependencies": [
            "module.wedding-site.aws_s3_bucket.site"
          ]
        },
        {
          "index_key": "img/intermezzo.webp",
          "schema_version": 0,
          "attributes": {
            "acl": null,
            "arn": "arn:aws:s3:::huynh.wehrly.com/img/intermezzo.webp",
            "bucket": "huynh.wehrly.com",
            "bucket_key_enabled": false,
            "cache_control": "",
            "checksum_algorithm": null,
            "checksum_crc32": "",
            "checksum_crc32c": "",
            "checksum_sha1": "",
            "checksum_sha256": "",
            "content": null,
            "content_base64": null,
            "content_disposition": "",
            "content_encoding": "",
            "content_language": "",
            "content_type": "image/webp",
            "etag": "eb6ddf12efa57f613c4a15876df42682",
            "force_destroy": false,
            "id": "img/intermezzo.webp",
            "key": "img/intermezzo.webp",
            "kms_key_id": null,
            "metadata": {},
            "object_lock_legal_hold_status": "",
            "object_lock_mode": "",
            "object_lock_retain_until_date": "",
            "override_provider": [],
            "server_side_encryption": "AES256",
            "source": "./wedding/img/intermezzo.webp",
            "source_hash": null,
            "storage_class": "STANDARD",
            "tags": {},
            "tags_all": {},
            "version_id": "",
            "website_redirect": ""
          },
          "sensitive_attributes": [],
          "private": "bnVsbA==",
          "dependencies": [
            "module.wedding-site.aws_s3_bucket.site"
          ]
        },
        {
          "index_key": "img/jess.png",
          "schema_version": 0,
          "attributes": {
            "acl": null,
            "arn": "arn:aws:s3:::huynh.wehrly.com/img/jess.png",
            "bucket": "huynh.wehrly.com",
            "bucket_key_enabled": false,
            "cache_control": "",
            "checksum_algorithm": null,
            "checksum_crc32": "",
            "checksum_crc32c": "",
            "checksum_sha1": "",
            "checksum_sha256": "",
            "content": null,
            "content_base64": null,
            "content_disposition": "",
            "content_encoding": "",
            "content_language": "",
            "content_type": "image/png",
            "etag": "3d9728fec39e3b64750c5da617b476fe",
            "force_destroy": false,
            "id": "img/jess.png",
            "key": "img/jess.png",
            "kms_key_id": null,
            "metadata": {},
            "object_lock_legal_hold_status": "",
            "object_lock_mode": "",
            "object_lock_retain_until_date": "",
            "override_provider": [],
            "server_side_encryption": "AES256",
            "source": "./wedding/img/jess.png",
            "source_hash": null,
            "storage_class": "STANDARD",
            "tags": {},
            "tags_all": {},
            "version_id": "",
            "website_redirect": ""
          },
          "sensitive_attributes": [],
          "private": "bnVsbA==",
          "dependencies": [
            "module.wedding-site.aws_s3_bucket.site"
          ]
        },
        {
          "index_key": "img/randall.jpg",
          "schema_version": 0,
          "attributes": {
            "acl": null,
            "arn": "arn:aws:s3:::huynh.wehrly.com/img/randall.jpg",
            "bucket": "huynh.wehrly.com",
            "bucket_key_enabled": false,
            "cache_control": "",
            "checksum_algorithm": null,
            "checksum_crc32": "",
            "checksum_crc32c": "",
            "checksum_sha1": "",
            "checksum_sha256": "",
            "content": null,
            "content_base64": null,
            "content_disposition": "",
            "content_encoding": "",
            "content_language": "",
            "content_type": "image/jpeg",
            "etag": "9c4d27aa5128813ccebf02410fe93b84",
            "force_destroy": false,
            "id": "img/randall.jpg",
            "key": "img/randall.jpg",
            "kms_key_id": null,
            "metadata": {},
            "object_lock_legal_hold_status": "",
            "object_lock_mode": "",
            "object_lock_retain_until_date": "",
            "override_provider": [],
            "server_side_encryption": "AES256",
            "source": "./wedding/img/randall.jpg",
            "source_hash": null,
            "storage_class": "STANDARD",
            "tags": {},
            "tags_all": {},
            "version_id": "",
            "website_redirect": ""
          },
          "sensitive_attributes": [],
          "private": "bnVsbA==",
          "dependencies": [
            "module.wedding-site.aws_s3_bucket.site"
          ]
        },
        {
          "index_key": "img/raz_not.jpg",
          "schema_version": 0,
          "attributes": {
            "acl": null,
            "arn": "arn:aws:s3:::huynh.wehrly.com/img/raz_not.jpg",
            "bucket": "huynh.wehrly.com",
            "bucket_key_enabled": false,
            "cache_control": "",
            "checksum_algorithm": null,
            "checksum_crc32": "",
            "checksum_crc32c": "",
            "checksum_sha1": "",
            "checksum_sha256": "",
            "content": null,
            "content_base64": null,
            "content_disposition": "",
            "content_encoding": "",
            "content_language": "",
            "content_type": "image/jpeg",
            "etag": "09bbc64cbc5a82031420db8a23879988",
            "force_destroy": false,
            "id": "img/raz_not.jpg",
            "key": "img/raz_not.jpg",
            "kms_key_id": null,
            "metadata": {},
            "object_lock_legal_hold_status": "",
            "object_lock_mode": "",
            "object_lock_retain_until_date": "",
            "override_provider": [],
            "server_side_encryption": "AES256",
            "source": "./wedding/img/raz_not.jpg",
            "source_hash": null,
            "storage_class": "STANDARD",
            "tags": {},
            "tags_all": {},
            "version_id": "",
            "website_redirect": ""
          },
          "sensitive_attributes": [],
          "private": "bnVsbA==",
          "dependencies": [
            "module.wedding-site.aws_s3_bucket.site"
          ]
        },
        {
          "index_key": "img/ring2.png",
          "schema_version": 0,
          "attributes": {
            "acl": null,
            "arn": "arn:aws:s3:::huynh.wehrly.com/img/ring2.png",
            "bucket": "huynh.wehrly.com",
            "bucket_key_enabled": false,
            "cache_control": "",
            "checksum_algorithm": null,
            "checksum_crc32": "",
            "checksum_crc32c": "",
            "checksum_sha1": "",
            "checksum_sha256": "",
            "content": null,
            "content_base64": null,
            "content_disposition": "",
            "content_encoding": "",
            "content_language": "",
            "content_type": "image/png",
            "etag": "fe7f5755aac035c3ed537f618f4dd1e4",
            "force_destroy": false,
            "id": "img/ring2.png",
            "key": "img/ring2.png",
            "kms_key_id": null,
            "metadata": {},
            "object_lock_legal_hold_status": "",
            "object_lock_mode": "",
            "object_lock_retain_until_date": "",
            "override_provider": [],
            "server_side_encryption": "AES256",
            "source": "./wedding/img/ring2.png",
            "source_hash": null,
            "storage_class": "STANDARD",
            "tags": {},
            "tags_all": {},
            "version_id": "",
            "website_redirect": ""
          },
          "sensitive_attributes": [],
          "private": "bnVsbA==",
          "dependencies": [
            "module.wedding-site.aws_s3_bucket.site"
          ]
        },
        {
          "index_key": "img/ring2.svg",
          "schema_version": 0,
          "attributes": {
            "acl": null,
            "arn": "arn:aws:s3:::huynh.wehrly.com/img/ring2.svg",
            "bucket": "huynh.wehrly.com",
            "bucket_key_enabled": false,
            "cache_control": "",
            "checksum_algorithm": null,
            "checksum_crc32": "",
            "checksum_crc32c": "",
            "checksum_sha1": "",
            "checksum_sha256": "",
            "content": null,
            "content_base64": null,
            "content_disposition": "",
            "content_encoding": "",
            "content_language": "",
            "content_type": "image/svg+xml",
            "etag": "50f574b14bf95035a7c1ccf3f37f4f99",
            "force_destroy": false,
            "id": "img/ring2.svg",
            "key": "img/ring2.svg",
            "kms_key_id": null,
            "metadata": {},
            "object_lock_legal_hold_status": "",
            "object_lock_mode": "",
            "object_lock_retain_until_date": "",
            "override_provider": [],
            "server_side_encryption": "AES256",
            "source": "./wedding/img/ring2.svg",
            "source_hash": null,
            "storage_class": "STANDARD",
            "tags": {},
            "tags_all": {},
            "version_id": "",
            "website_redirect": ""
          },
          "sensitive_attributes": [],
          "private": "bnVsbA==",
          "dependencies": [
            "module.wedding-site.aws_s3_bucket.site"
          ]
        },
        {
          "index_key": "img/serena.png",
          "schema_version": 0,
          "attributes": {
            "acl": null,
            "arn": "arn:aws:s3:::huynh.wehrly.com/img/serena.png",
            "bucket": "huynh.wehrly.com",
            "bucket_key_enabled": false,
            "cache_control": "",
            "checksum_algorithm": null,
            "checksum_crc32": "",
            "checksum_crc32c": "",
            "checksum_sha1": "",
            "checksum_sha256": "",
            "content": null,
            "content_base64": null,
            "content_disposition": "",
            "content_encoding": "",
            "content_language": "",
            "content_type": "image/png",
            "etag": "d192ec99ff8a9d9016f97fc4ee1c0d1e",
            "force_destroy": false,
            "id": "img/serena.png",
            "key": "img/serena.png",
            "kms_key_id": null,
            "metadata": {},
            "object_lock_legal_hold_status": "",
            "object_lock_mode": "",
            "object_lock_retain_until_date": "",
            "override_provider": [],
            "server_side_encryption": "AES256",
            "source": "./wedding/img/serena.png",
            "source_hash": null,
            "storage_class": "STANDARD",
            "tags": {},
            "tags_all": {},
            "version_id": "",
            "website_redirect": ""
          },
          "sensitive_attributes": [],
          "private": "bnVsbA==",
          "dependencies": [
            "module.wedding-site.aws_s3_bucket.site"
          ]
        },
        {
          "index_key": "img/serena_not.png",
          "schema_version": 0,
          "attributes": {
            "acl": null,
            "arn": "arn:aws:s3:::huynh.wehrly.com/img/serena_not.png",
            "bucket": "huynh.wehrly.com",
            "bucket_key_enabled": false,
            "cache_control": "",
            "checksum_algorithm": null,
            "checksum_crc32": "",
            "checksum_crc32c": "",
            "checksum_sha1": "",
            "checksum_sha256": "",
            "content": null,
            "content_base64": null,
            "content_disposition": "",
            "content_encoding": "",
            "content_language": "",
            "content_type": "image/png",
            "etag": "e96da880b5dd7f8f0e296825ff98d23e",
            "force_destroy": false,
            "id": "img/serena_not.png",
            "key": "img/serena_not.png",
            "kms_key_id": null,
            "metadata": {},
            "object_lock_legal_hold_status": "",
            "object_lock_mode": "",
            "object_lock_retain_until_date": "",
            "override_provider": [],
            "server_side_encryption": "AES256",
            "source": "./wedding/img/serena_not.png",
            "source_hash": null,
            "storage_class": "STANDARD",
            "tags": {},
            "tags_all": {},
            "version_id": "",
            "website_redirect": ""
          },
          "sensitive_attributes": [],
          "private": "bnVsbA==",
          "dependencies": [
            "module.wedding-site.aws_s3_bucket.site"
          ]
        },
        {
          "index_key": "img/wolf-mountain.webp",
          "schema_version": 0,
          "attributes": {
            "acl": null,
            "arn": "arn:aws:s3:::huynh.wehrly.com/img/wolf-mountain.webp",
            "bucket": "huynh.wehrly.com",
            "bucket_key_enabled": false,
            "cache_control": "",
            "checksum_algorithm": null,
            "checksum_crc32": "",
            "checksum_crc32c": "",
            "checksum_sha1": "",
            "checksum_sha256": "",
            "content": null,
            "content_base64": null,
            "content_disposition": "",
            "content_encoding": "",
            "content_language": "",
            "content_type": "image/webp",
            "etag": "ae0a6fb90eac464e2f3792fc0af4827c",
            "force_destroy": false,
            "id": "img/wolf-mountain.webp",
            "key": "img/wolf-mountain.webp",
            "kms_key_id": null,
            "metadata": {},
            "object_lock_legal_hold_status": "",
            "object_lock_mode": "",
            "object_lock_retain_until_date": "",
            "override_provider": [],
            "server_side_encryption": "AES256",
            "source": "./wedding/img/wolf-mountain.webp",
            "source_hash": null,
            "storage_class": "STANDARD",
            "tags": {},
            "tags_all": {},
            "version_id": "",
            "website_redirect": ""
          },
          "sensitive_attributes": [],
          "private": "bnVsbA==",
          "dependencies": [
            "module.wedding-site.aws_s3_bucket.site"
          ]
        },
        {
          "index_key": "img/woori.jpg",
          "schema_version": 0,
          "attributes": {
            "acl": null,
            "arn": "arn:aws:s3:::huynh.wehrly.com/img/woori.jpg",
            "bucket": "huynh.wehrly.com",
            "bucket_key_enabled": false,
            "cache_control": "",
            "checksum_algorithm": null,
            "checksum_crc32": "",
            "checksum_crc32c": "",
            "checksum_sha1": "",
            "checksum_sha256": "",
            "content": null,
            "content_base64": null,
            "content_disposition": "",
            "content_encoding": "",
            "content_language": "",
            "content_type": "image/jpeg",
            "etag": "fec107dd678c5ab8ddb477b4c46f3734",
            "force_destroy": false,
            "id": "img/woori.jpg",
            "key": "img/woori.jpg",
            "kms_key_id": null,
            "metadata": {},
            "object_lock_legal_hold_status": "",
            "object_lock_mode": "",
            "object_lock_retain_until_date": "",
            "override_provider": [],
            "server_side_encryption": "AES256",
            "source": "./wedding/img/woori.jpg",
            "source_hash": null,
            "storage_class": "STANDARD",
            "tags": {},
            "tags_all": {},
            "version_id": "",
            "website_redirect": ""
          },
          "sensitive_attributes": [],
          "private": "bnVsbA==",
          "dependencies": [
            "module.wedding-site.aws_s3_bucket.site"
          ]
        },
        {
          "index_key": "index.html",
          "schema_version": 0,
          "attributes": {
            "acl": null,
            "arn": "arn:aws:s3:::huynh.wehrly.com/index.html",
            "bucket": "huynh.wehrly.com",
            "bucket_key_enabled": false,
            "cache_control": "",
            "checksum_algorithm": null,
            "checksum_crc32": "",
            "checksum_crc32c": "",
            "checksum_sha1": "",
            "checksum_sha256": "",
            "content": null,
            "content_base64": null,
            "content_disposition": "",
            "content_encoding": "",
            "content_language": "",
            "content_type": "text/html; charset=utf-8",
            "etag": "e23406f3ad037ce2a6532b5e9762e847",
            "force_destroy": false,
            "id": "index.html",
            "key": "index.html",
            "kms_key_id": null,
            "metadata": {},
            "object_lock_legal_hold_status": "",
            "object_lock_mode": "",
            "object_lock_retain_until_date": "",
            "override_provider": [],
            "server_side_encryption": "AES256",
            "source": "./wedding/index.html",
            "source_hash": null,
            "storage_class": "STANDARD",
            "tags": {},
            "tags_all": {},
            "version_id": "",
            "website_redirect": ""
          },
          "sensitive_attributes": [],
          "private": "bnVsbA==",
          "dependencies": [
            "module.wedding-site.aws_s3_bucket.site"
          ]
        },
        {
          "index_key": "index_files/30498a168aaec04a.css",
          "schema_version": 0,
          "attributes": {
            "acl": null,
            "arn": "arn:aws:s3:::huynh.wehrly.com/index_files/30498a168aaec04a.css",
            "bucket": "huynh.wehrly.com",
            "bucket_key_enabled": false,
            "cache_control": "",
            "checksum_algorithm": null,
            "checksum_crc32": "",
            "checksum_crc32c": "",
            "checksum_sha1": "",
            "checksum_sha256": "",
            "content": null,
            "content_base64": null,
            "content_disposition": "",
            "content_encoding": "",
            "content_language": "",
            "content_type": "text/css; charset=utf-8",
            "etag": "66ad57d45f4eaecc3b3e177e274c27f1",
            "force_destroy": false,
            "id": "index_files/30498a168aaec04a.css",
            "key": "index_files/30498a168aaec04a.css",
            "kms_key_id": null,
            "metadata": {},
            "object_lock_legal_hold_status": "",
            "object_lock_mode": "",
            "object_lock_retain_until_date": "",
            "override_provider": [],
            "server_side_encryption": "AES256",
            "source": "./wedding/index_files/30498a168aaec04a.css",
            "source_hash": null,
            "storage_class": "STANDARD",
            "tags": {},
            "tags_all": {},
            "version_id": "",
            "website_redirect": ""
          },
          "sensitive_attributes": [],
          "private": "bnVsbA==",
          "dependencies": [
            "module.wedding-site.aws_s3_bucket.site"
          ]
        },
        {
          "index_key": "index_files/8cfca4f5-e2c2-4bf5-b9b0-c397010d41ef~rt_auto-rs_1024.webp",
          "schema_version": 0,
          "attributes": {
            "acl": null,
            "arn": "arn:aws:s3:::huynh.wehrly.com/index_files/8cfca4f5-e2c2-4bf5-b9b0-c397010d41ef~rt_auto-rs_1024.webp",
            "bucket": "huynh.wehrly.com",
            "bucket_key_enabled": false,
            "cache_control": "",
            "checksum_algorithm": null,
            "checksum_crc32": "",
            "checksum_crc32c": "",
            "checksum_sha1": "",
            "checksum_sha256": "",
            "content": null,
            "content_base64": null,
            "content_disposition": "",
            "content_encoding": "",
            "content_language": "",
            "content_type": "image/webp",
            "etag": "bd4c2de8ed0306e076be87809460eb7a",
            "force_destroy": false,
            "id": "index_files/8cfca4f5-e2c2-4bf5-b9b0-c397010d41ef~rt_auto-rs_1024.webp",
            "key": "index_files/8cfca4f5-e2c2-4bf5-b9b0-c397010d41ef~rt_auto-rs_1024.webp",
            "kms_key_id": null,
            "metadata": {},
            "object_lock_legal_hold_status": "",
            "object_lock_mode": "",
            "object_lock_retain_until_date": "",
            "override_provider": [],
            "server_side_encryption": "AES256",
            "source": "./wedding/index_files/8cfca4f5-e2c2-4bf5-b9b0-c397010d41ef~rt_auto-rs_1024.webp",
            "source_hash": null,
            "storage_class": "STANDARD",
            "tags": {},
            "tags_all": {},
            "version_id": "",
            "website_redirect": ""
          },
          "sensitive_attributes": [],
          "private": "bnVsbA==",
          "dependencies": [
            "module.wedding-site.aws_s3_bucket.site"
          ]
        },
        {
          "index_key": "index_files/8cfca4f5-e2c2-4bf5-b9b0-c397010d41ef~rt_auto-rs_1280.webp",
          "schema_version": 0,
          "attributes": {
            "acl": null,
            "arn": "arn:aws:s3:::huynh.wehrly.com/index_files/8cfca4f5-e2c2-4bf5-b9b0-c397010d41ef~rt_auto-rs_1280.webp",
            "bucket": "huynh.wehrly.com",
            "bucket_key_enabled": false,
            "cache_control": "",
            "checksum_algorithm": null,
            "checksum_crc32": "",
            "checksum_crc32c": "",
            "checksum_sha1": "",
            "checksum_sha256": "",
            "content": null,
            "content_base64": null,
            "content_disposition": "",
            "content_encoding": "",
            "content_language": "",
            "content_type": "image/webp",
            "etag": "7dcb650dfb0d8eea727d1e719c483c2e",
            "force_destroy": false,
            "id": "index_files/8cfca4f5-e2c2-4bf5-b9b0-c397010d41ef~rt_auto-rs_1280.webp",
            "key": "index_files/8cfca4f5-e2c2-4bf5-b9b0-c397010d41ef~rt_auto-rs_1280.webp",
            "kms_key_id": null,
            "metadata": {},
            "object_lock_legal_hold_status": "",
            "object_lock_mode": "",
            "object_lock_retain_until_date": "",
            "override_provider": [],
            "server_side_encryption": "AES256",
            "source": "./wedding/index_files/8cfca4f5-e2c2-4bf5-b9b0-c397010d41ef~rt_auto-rs_1280.webp",
            "source_hash": null,
            "storage_class": "STANDARD",
            "tags": {},
            "tags_all": {},
            "version_id": "",
            "website_redirect": ""
          },
          "sensitive_attributes": [],
          "private": "bnVsbA==",
          "dependencies": [
            "module.wedding-site.aws_s3_bucket.site"
          ]
        },
        {
          "index_key": "index_files/8cfca4f5-e2c2-4bf5-b9b0-c397010d41ef~rt_auto-rs_1500.webp",
          "schema_version": 0,
          "attributes": {
            "acl": null,
            "arn": "arn:aws:s3:::huynh.wehrly.com/index_files/8cfca4f5-e2c2-4bf5-b9b0-c397010d41ef~rt_auto-rs_1500.webp",
            "bucket": "huynh.wehrly.com",
            "bucket_key_enabled": false,
            "cache_control": "",
            "checksum_algorithm": null,
            "checksum_crc32": "",
            "checksum_crc32c": "",
            "checksum_sha1": "",
            "checksum_sha256": "",
            "content": null,
            "content_base64": null,
            "content_disposition": "",
            "content_encoding": "",
            "content_language": "",
            "content_type": "image/webp",
            "etag": "f802e1ab4fb42754c0f39ffa083a6f14",
            "force_destroy": false,
            "id": "index_files/8cfca4f5-e2c2-4bf5-b9b0-c397010d41ef~rt_auto-rs_1500.webp",
            "key": "index_files/8cfca4f5-e2c2-4bf5-b9b0-c397010d41ef~rt_auto-rs_1500.webp",
            "kms_key_id": null,
            "metadata": {},
            "object_lock_legal_hold_status": "",
            "object_lock_mode": "",
            "object_lock_retain_until_date": "",
            "override_provider": [],
            "server_side_encryption": "AES256",
            "source": "./wedding/index_files/8cfca4f5-e2c2-4bf5-b9b0-c397010d41ef~rt_auto-rs_1500.webp",
            "source_hash": null,
            "storage_class": "STANDARD",
            "tags": {},
            "tags_all": {},
            "version_id": "",
            "website_redirect": ""
          },
          "sensitive_attributes": [],
          "private": "bnVsbA==",
          "dependencies": [
            "module.wedding-site.aws_s3_bucket.site"
          ]
        },
        {
          "index_key": "index_files/8cfca4f5-e2c2-4bf5-b9b0-c397010d41ef~rt_auto-rs_1536.webp",
          "schema_version": 0,
          "attributes": {
            "acl": null,
            "arn": "arn:aws:s3:::huynh.wehrly.com/index_files/8cfca4f5-e2c2-4bf5-b9b0-c397010d41ef~rt_auto-rs_1536.webp",
            "bucket": "huynh.wehrly.com",
            "bucket_key_enabled": false,
            "cache_control": "",
            "checksum_algorithm": null,
            "checksum_crc32": "",
            "checksum_crc32c": "",
            "checksum_sha1": "",
            "checksum_sha256": "",
            "content": null,
            "content_base64": null,
            "content_disposition": "",
            "content_encoding": "",
            "content_language": "",
            "content_type": "image/webp",
            "etag": "9e4ae2c6bfab19a4b3753c2f8a0b7bf8",
            "force_destroy": false,
            "id": "index_files/8cfca4f5-e2c2-4bf5-b9b0-c397010d41ef~rt_auto-rs_1536.webp",
            "key": "index_files/8cfca4f5-e2c2-4bf5-b9b0-c397010d41ef~rt_auto-rs_1536.webp",
            "kms_key_id": null,
            "metadata": {},
            "object_lock_legal_hold_status": "",
            "object_lock_mode": "",
            "object_lock_retain_until_date": "",
            "override_provider": [],
            "server_side_encryption": "AES256",
            "source": "./wedding/index_files/8cfca4f5-e2c2-4bf5-b9b0-c397010d41ef~rt_auto-rs_1536.webp",
            "source_hash": null,
            "storage_class": "STANDARD",
            "tags": {},
            "tags_all": {},
            "version_id": "",
            "website_redirect": ""
          },
          "sensitive_attributes": [],
          "private": "bnVsbA==",
          "dependencies": [
            "module.wedding-site.aws_s3_bucket.site"
          ]
        },
        {
          "index_key": "index_files/8cfca4f5-e2c2-4bf5-b9b0-c397010d41ef~rt_auto-rs_1920.webp",
          "schema_version": 0,
          "attributes": {
            "acl": null,
            "arn": "arn:aws:s3:::huynh.wehrly.com/index_files/8cfca4f5-e2c2-4bf5-b9b0-c397010d41ef~rt_auto-rs_1920.webp",
            "bucket": "huynh.wehrly.com",
            "bucket_key_enabled": false,
            "cache_control": "",
            "checksum_algorithm": null,
            "checksum_crc32": "",
            "checksum_crc32c": "",
            "checksum_sha1": "",
            "checksum_sha256": "",
            "content": null,
            "content_base64": null,
            "content_disposition": "",
            "content_encoding": "",
            "content_language": "",
            "content_type": "image/webp",
            "etag": "0745bdb2289e26ec0de3a6661464bda4",
            "force_destroy": false,
            "id": "index_files/8cfca4f5-e2c2-4bf5-b9b0-c397010d41ef~rt_auto-rs_1920.webp",
            "key": "index_files/8cfca4f5-e2c2-4bf5-b9b0-c397010d41ef~rt_auto-rs_1920.webp",
            "kms_key_id": null,
            "metadata": {},
            "object_lock_legal_hold_status": "",
            "object_lock_mode": "",
            "object_lock_retain_until_date": "",
            "override_provider": [],
            "server_side_encryption": "AES256",
            "source": "./wedding/index_files/8cfca4f5-e2c2-4bf5-b9b0-c397010d41ef~rt_auto-rs_1920.webp",
            "source_hash": null,
            "storage_class": "STANDARD",
            "tags": {},
            "tags_all": {},
            "version_id": "",
            "website_redirect": ""
          },
          "sensitive_attributes": [],
          "private": "bnVsbA==",
          "dependencies": [
            "module.wedding-site.aws_s3_bucket.site"
          ]
        },
        {
          "index_key": "index_files/8cfca4f5-e2c2-4bf5-b9b0-c397010d41ef~rt_auto-rs_2048.webp",
          "schema_version": 0,
          "attributes": {
            "acl": null,
            "arn": "arn:aws:s3:::huynh.wehrly.com/index_files/8cfca4f5-e2c2-4bf5-b9b0-c397010d41ef~rt_auto-rs_2048.webp",
            "bucket": "huynh.wehrly.com",
            "bucket_key_enabled": false,
            "cache_control": "",
            "checksum_algorithm": null,
            "checksum_crc32": "",
            "checksum_crc32c": "",
            "checksum_sha1": "",
            "checksum_sha256": "",
            "content": null,
            "content_base64": null,
            "content_disposition": "",
            "content_encoding": "",
            "content_language": "",
            "content_type": "image/webp",
            "etag": "7f0116db0e753b3d94d2578360f633f6",
            "force_destroy": false,
            "id": "index_files/8cfca4f5-e2c2-4bf5-b9b0-c397010d41ef~rt_auto-rs_2048.webp",
            "key": "index_files/8cfca4f5-e2c2-4bf5-b9b0-c397010d41ef~rt_auto-rs_2048.webp",
            "kms_key_id": null,
            "metadata": {},
            "object_lock_legal_hold_status": "",
            "object_lock_mode": "",
            "object_lock_retain_until_date": "",
            "override_provider": [],
            "server_side_encryption": "AES256",
            "source": "./wedding/index_files/8cfca4f5-e2c2-4bf5-b9b0-c397010d41ef~rt_auto-rs_2048.webp",
            "source_hash": null,
            "storage_class": "STANDARD",
            "tags": {},
            "tags_all": {},
            "version_id": "",
            "website_redirect": ""
          },
          "sensitive_attributes": [],
          "private": "bnVsbA==",
          "dependencies": [
            "module.wedding-site.aws_s3_bucket.site"
          ]
        },
        {
          "index_key": "index_files/8cfca4f5-e2c2-4bf5-b9b0-c397010d41ef~rt_auto-rs_2250.webp",
          "schema_version": 0,
          "attributes": {
            "acl": null,
            "arn": "arn:aws:s3:::huynh.wehrly.com/index_files/8cfca4f5-e2c2-4bf5-b9b0-c397010d41ef~rt_auto-rs_2250.webp",
            "bucket": "huynh.wehrly.com",
            "bucket_key_enabled": false,
            "cache_control": "",
            "checksum_algorithm": null,
            "checksum_crc32": "",
            "checksum_crc32c": "",
            "checksum_sha1": "",
            "checksum_sha256": "",
            "content": null,
            "content_base64": null,
            "content_disposition": "",
            "content_encoding": "",
            "content_language": "",
            "content_type": "image/webp",
            "etag": "dd19bfd7a49675e90211e622d7e9559b",
            "force_destroy": false,
            "id": "index_files/8cfca4f5-e2c2-4bf5-b9b0-c397010d41ef~rt_auto-rs_2250.webp",
            "key": "index_files/8cfca4f5-e2c2-4bf5-b9b0-c397010d41ef~rt_auto-rs_2250.webp",
            "kms_key_id": null,
            "metadata": {},
            "object_lock_legal_hold_status": "",
            "object_lock_mode": "",
            "object_lock_retain_until_date": "",
            "override_provider": [],
            "server_side_encryption": "AES256",
            "source": "./wedding/index_files/8cfca4f5-e2c2-4bf5-b9b0-c397010d41ef~rt_auto-rs_2250.webp",
            "source_hash": null,
            "storage_class": "STANDARD",
            "tags": {},
            "tags_all": {},
            "version_id": "",
            "website_redirect": ""
          },
          "sensitive_attributes": [],
          "private": "bnVsbA==",
          "dependencies": [
            "module.wedding-site.aws_s3_bucket.site"
          ]
        },
        {
          "index_key": "index_files/8cfca4f5-e2c2-4bf5-b9b0-c397010d41ef~rt_auto-rs_2560.webp",
          "schema_version": 0,
          "attributes": {
            "acl": null,
            "arn": "arn:aws:s3:::huynh.wehrly.com/index_files/8cfca4f5-e2c2-4bf5-b9b0-c397010d41ef~rt_auto-rs_2560.webp",
            "bucket": "huynh.wehrly.com",
            "bucket_key_enabled": false,
            "cache_control": "",
            "checksum_algorithm": null,
            "checksum_crc32": "",
            "checksum_crc32c": "",
            "checksum_sha1": "",
            "checksum_sha256": "",
            "content": null,
            "content_base64": null,
            "content_disposition": "",
            "content_encoding": "",
            "content_language": "",
            "content_type": "image/webp",
            "etag": "ed6316c67aef15024c29ec07b5c01eb6",
            "force_destroy": false,
            "id": "index_files/8cfca4f5-e2c2-4bf5-b9b0-c397010d41ef~rt_auto-rs_2560.webp",
            "key": "index_files/8cfca4f5-e2c2-4bf5-b9b0-c397010d41ef~rt_auto-rs_2560.webp",
            "kms_key_id": null,
            "metadata": {},
            "object_lock_legal_hold_status": "",
            "object_lock_mode": "",
            "object_lock_retain_until_date": "",
            "override_provider": [],
            "server_side_encryption": "AES256",
            "source": "./wedding/index_files/8cfca4f5-e2c2-4bf5-b9b0-c397010d41ef~rt_auto-rs_2560.webp",
            "source_hash": null,
            "storage_class": "STANDARD",
            "tags": {},
            "tags_all": {},
            "version_id": "",
            "website_redirect": ""
          },
          "sensitive_attributes": [],
          "private": "bnVsbA==",
          "dependencies": [
            "module.wedding-site.aws_s3_bucket.site"
          ]
        },
        {
          "index_key": "index_files/8cfca4f5-e2c2-4bf5-b9b0-c397010d41ef~rt_auto-rs_3000.webp",
          "schema_version": 0,
          "attributes": {
            "acl": null,
            "arn": "arn:aws:s3:::huynh.wehrly.com/index_files/8cfca4f5-e2c2-4bf5-b9b0-c397010d41ef~rt_auto-rs_3000.webp",
            "bucket": "huynh.wehrly.com",
            "bucket_key_enabled": false,
            "cache_control": "",
            "checksum_algorithm": null,
            "checksum_crc32": "",
            "checksum_crc32c": "",
            "checksum_sha1": "",
            "checksum_sha256": "",
            "content": null,
            "content_base64": null,
            "content_disposition": "",
            "content_encoding": "",
            "content_language": "",
            "content_type": "image/webp",
            "etag": "ae617e5a0c600e2e5f804ac19eae4d5c",
            "force_destroy": false,
            "id": "index_files/8cfca4f5-e2c2-4bf5-b9b0-c397010d41ef~rt_auto-rs_3000.webp",
            "key": "index_files/8cfca4f5-e2c2-4bf5-b9b0-c397010d41ef~rt_auto-rs_3000.webp",
            "kms_key_id": null,
            "metadata": {},
            "object_lock_legal_hold_status": "",
            "object_lock_mode": "",
            "object_lock_retain_until_date": "",
            "override_provider": [],
            "server_side_encryption": "AES256",
            "source": "./wedding/index_files/8cfca4f5-e2c2-4bf5-b9b0-c397010d41ef~rt_auto-rs_3000.webp",
            "source_hash": null,
            "storage_class": "STANDARD",
            "tags": {},
            "tags_all": {},
            "version_id": "",
            "website_redirect": ""
          },
          "sensitive_attributes": [],
          "private": "bnVsbA==",
          "dependencies": [
            "module.wedding-site.aws_s3_bucket.site"
          ]
        },
        {
          "index_key": "index_files/c09f6d51-d325-4a12-b3ec-a540ffb80f83~rt_auto-rs_1152.webp",
          "schema_version": 0,
          "attributes": {
            "acl": null,
            "arn": "arn:aws:s3:::huynh.wehrly.com/index_files/c09f6d51-d325-4a12-b3ec-a540ffb80f83~rt_auto-rs_1152.webp",
            "bucket": "huynh.wehrly.com",
            "bucket_key_enabled": false,
            "cache_control": "",
            "checksum_algorithm": null,
            "checksum_crc32": "",
            "checksum_crc32c": "",
            "checksum_sha1": "",
            "checksum_sha256": "",
            "content": null,
            "content_base64": null,
            "content_disposition": "",
            "content_encoding": "",
            "content_language": "",
            "content_type": "image/webp",
            "etag": "03f2230cff17674ba52ff8f72712d436",
            "force_destroy": false,
            "id": "index_files/c09f6d51-d325-4a12-b3ec-a540ffb80f83~rt_auto-rs_1152.webp",
            "key": "index_files/c09f6d51-d325-4a12-b3ec-a540ffb80f83~rt_auto-rs_1152.webp",
            "kms_key_id": null,
            "metadata": {},
            "object_lock_legal_hold_status": "",
            "object_lock_mode": "",
            "object_lock_retain_until_date": "",
            "override_provider": [],
            "server_side_encryption": "AES256",
            "source": "./wedding/index_files/c09f6d51-d325-4a12-b3ec-a540ffb80f83~rt_auto-rs_1152.webp",
            "source_hash": null,
            "storage_class": "STANDARD",
            "tags": {},
            "tags_all": {},
            "version_id": "",
            "website_redirect": ""
          },
          "sensitive_attributes": [],
          "private": "bnVsbA==",
          "dependencies": [
            "module.wedding-site.aws_s3_bucket.site"
          ]
        },
        {
          "index_key": "index_files/c09f6d51-d325-4a12-b3ec-a540ffb80f83~rt_auto-rs_1536.webp",
          "schema_version": 0,
          "attributes": {
            "acl": null,
            "arn": "arn:aws:s3:::huynh.wehrly.com/index_files/c09f6d51-d325-4a12-b3ec-a540ffb80f83~rt_auto-rs_1536.webp",
            "bucket": "huynh.wehrly.com",
            "bucket_key_enabled": false,
            "cache_control": "",
            "checksum_algorithm": null,
            "checksum_crc32": "",
            "checksum_crc32c": "",
            "checksum_sha1": "",
            "checksum_sha256": "",
            "content": null,
            "content_base64": null,
            "content_disposition": "",
            "content_encoding": "",
            "content_language": "",
            "content_type": "image/webp",
            "etag": "03f2230cff17674ba52ff8f72712d436",
            "force_destroy": false,
            "id": "index_files/c09f6d51-d325-4a12-b3ec-a540ffb80f83~rt_auto-rs_1536.webp",
            "key": "index_files/c09f6d51-d325-4a12-b3ec-a540ffb80f83~rt_auto-rs_1536.webp",
            "kms_key_id": null,
            "metadata": {},
            "object_lock_legal_hold_status": "",
            "object_lock_mode": "",
            "object_lock_retain_until_date": "",
            "override_provider": [],
            "server_side_encryption": "AES256",
            "source": "./wedding/index_files/c09f6d51-d325-4a12-b3ec-a540ffb80f83~rt_auto-rs_1536.webp",
            "source_hash": null,
            "storage_class": "STANDARD",
            "tags": {},
            "tags_all": {},
            "version_id": "",
            "website_redirect": ""
          },
          "sensitive_attributes": [],
          "private": "bnVsbA==",
          "dependencies": [
            "module.wedding-site.aws_s3_bucket.site"
          ]
        },
        {
          "index_key": "index_files/c09f6d51-d325-4a12-b3ec-a540ffb80f83~rt_auto-rs_768.webp",
          "schema_version": 0,
          "attributes": {
            "acl": null,
            "arn": "arn:aws:s3:::huynh.wehrly.com/index_files/c09f6d51-d325-4a12-b3ec-a540ffb80f83~rt_auto-rs_768.webp",
            "bucket": "huynh.wehrly.com",
            "bucket_key_enabled": false,
            "cache_control": "",
            "checksum_algorithm": null,
            "checksum_crc32": "",
            "checksum_crc32c": "",
            "checksum_sha1": "",
            "checksum_sha256": "",
            "content": null,
            "content_base64": null,
            "content_disposition": "",
            "content_encoding": "",
            "content_language": "",
            "content_type": "image/webp",
            "etag": "13d8939dc412cf0770968cdcafeab0da",
            "force_destroy": false,
            "id": "index_files/c09f6d51-d325-4a12-b3ec-a540ffb80f83~rt_auto-rs_768.webp",
            "key": "index_files/c09f6d51-d325-4a12-b3ec-a540ffb80f83~rt_auto-rs_768.webp",
            "kms_key_id": null,
            "metadata": {},
            "object_lock_legal_hold_status": "",
            "object_lock_mode": "",
            "object_lock_retain_until_date": "",
            "override_provider": [],
            "server_side_encryption": "AES256",
            "source": "./wedding/index_files/c09f6d51-d325-4a12-b3ec-a540ffb80f83~rt_auto-rs_768.webp",
            "source_hash": null,
            "storage_class": "STANDARD",
            "tags": {},
            "tags_all": {},
            "version_id": "",
            "website_redirect": ""
          },
          "sensitive_attributes": [],
          "private": "bnVsbA==",
          "dependencies": [
            "module.wedding-site.aws_s3_bucket.site"
          ]
        },
        {
          "index_key": "index_files/cover_photo.webp",
          "schema_version": 0,
          "attributes": {
            "acl": null,
            "arn": "arn:aws:s3:::huynh.wehrly.com/index_files/cover_photo.webp",
            "bucket": "huynh.wehrly.com",
            "bucket_key_enabled": false,
            "cache_control": "",
            "checksum_algorithm": null,
            "checksum_crc32": "",
            "checksum_crc32c": "",
            "checksum_sha1": "",
            "checksum_sha256": "",
            "content": null,
            "content_base64": null,
            "content_disposition": "",
            "content_encoding": "",
            "content_language": "",
            "content_type": "image/webp",
            "etag": "e472fd6843847782efa12ae75e15147f",
            "force_destroy": false,
            "id": "index_files/cover_photo.webp",
            "key": "index_files/cover_photo.webp",
            "kms_key_id": null,
            "metadata": {},
            "object_lock_legal_hold_status": "",
            "object_lock_mode": "",
            "object_lock_retain_until_date": "",
            "override_provider": [],
            "server_side_encryption": "AES256",
            "source": "./wedding/index_files/cover_photo.webp",
            "source_hash": null,
            "storage_class": "STANDARD",
            "tags": {},
            "tags_all": {},
            "version_id": "",
            "website_redirect": ""
          },
          "sensitive_attributes": [],
          "private": "bnVsbA==",
          "dependencies": [
            "module.wedding-site.aws_s3_bucket.site"
          ]
        },
        {
          "index_key": "index_files/css2.css",
          "schema_version": 0,
          "attributes": {
            "acl": null,
            "arn": "arn:aws:s3:::huynh.wehrly.com/index_files/css2.css",
            "bucket": "huynh.wehrly.com",
            "bucket_key_enabled": false,
            "cache_control": "",
            "checksum_algorithm": null,
            "checksum_crc32": "",
            "checksum_crc32c": "",
            "checksum_sha1": "",
            "checksum_sha256": "",
            "content": null,
            "content_base64": null,
            "content_disposition": "",
            "content_encoding": "",
            "content_language": "",
            "content_type": "text/css; charset=utf-8",
            "etag": "3b9219a2df8634bec236eddcb84e6b4b",
            "force_destroy": false,
            "id": "index_files/css2.css",
            "key": "index_files/css2.css",
            "kms_key_id": null,
            "metadata": {},
            "object_lock_legal_hold_status": "",
            "object_lock_mode": "",
            "object_lock_retain_until_date": "",
            "override_provider": [],
            "server_side_encryption": "AES256",
            "source": "./wedding/index_files/css2.css",
            "source_hash": null,
            "storage_class": "STANDARD",
            "tags": {},
            "tags_all": {},
            "version_id": "",
            "website_redirect": ""
          },
          "sensitive_attributes": [],
          "private": "bnVsbA==",
          "dependencies": [
            "module.wedding-site.aws_s3_bucket.site"
          ]
        },
        {
          "index_key": "index_files/e8a00155-fd7d-4477-b1ee-3877ab75f177~rt_auto-cr_0.684.2736..webp",
          "schema_version": 0,
          "attributes": {
            "acl": null,
            "arn": "arn:aws:s3:::huynh.wehrly.com/index_files/e8a00155-fd7d-4477-b1ee-3877ab75f177~rt_auto-cr_0.684.2736..webp",
            "bucket": "huynh.wehrly.com",
            "bucket_key_enabled": false,
            "cache_control": "",
            "checksum_algorithm": null,
            "checksum_crc32": "",
            "checksum_crc32c": "",
            "checksum_sha1": "",
            "checksum_sha256": "",
            "content": null,
            "content_base64": null,
            "content_disposition": "",
            "content_encoding": "",
            "content_language": "",
            "content_type": "image/webp",
            "etag": "3f7000d6a59aaf983539a9f6750f044b",
            "force_destroy": false,
            "id": "index_files/e8a00155-fd7d-4477-b1ee-3877ab75f177~rt_auto-cr_0.684.2736..webp",
            "key": "index_files/e8a00155-fd7d-4477-b1ee-3877ab75f177~rt_auto-cr_0.684.2736..webp",
            "kms_key_id": null,
            "metadata": {},
            "object_lock_legal_hold_status": "",
            "object_lock_mode": "",
            "object_lock_retain_until_date": "",
            "override_provider": [],
            "server_side_encryption": "AES256",
            "source": "./wedding/index_files/e8a00155-fd7d-4477-b1ee-3877ab75f177~rt_auto-cr_0.684.2736..webp",
            "source_hash": null,
            "storage_class": "STANDARD",
            "tags": {},
            "tags_all": {},
            "version_id": "",
            "website_redirect": ""
          },
          "sensitive_attributes": [],
          "private": "bnVsbA==",
          "dependencies": [
            "module.wedding-site.aws_s3_bucket.site"
          ]
        },
        {
          "index_key": "index_files/e8a00155-fd7d-4477-b1ee-3877ab75f177~rt_auto-cr_0.684.2_002.webp",
          "schema_version": 0,
          "attributes": {
            "acl": null,
            "arn": "arn:aws:s3:::huynh.wehrly.com/index_files/e8a00155-fd7d-4477-b1ee-3877ab75f177~rt_auto-cr_0.684.2_002.webp",
            "bucket": "huynh.wehrly.com",
            "bucket_key_enabled": false,
            "cache_control": "",
            "checksum_algorithm": null,
            "checksum_crc32": "",
            "checksum_crc32c": "",
            "checksum_sha1": "",
            "checksum_sha256": "",
            "content": null,
            "content_base64": null,
            "content_disposition": "",
            "content_encoding": "",
            "content_language": "",
            "content_type": "image/webp",
            "etag": "e472fd6843847782efa12ae75e15147f",
            "force_destroy": false,
            "id": "index_files/e8a00155-fd7d-4477-b1ee-3877ab75f177~rt_auto-cr_0.684.2_002.webp",
            "key": "index_files/e8a00155-fd7d-4477-b1ee-3877ab75f177~rt_auto-cr_0.684.2_002.webp",
            "kms_key_id": null,
            "metadata": {},
            "object_lock_legal_hold_status": "",
            "object_lock_mode": "",
            "object_lock_retain_until_date": "",
            "override_provider": [],
            "server_side_encryption": "AES256",
            "source": "./wedding/index_files/e8a00155-fd7d-4477-b1ee-3877ab75f177~rt_auto-cr_0.684.2_002.webp",
            "source_hash": null,
            "storage_class": "STANDARD",
            "tags": {},
            "tags_all": {},
            "version_id": "",
            "website_redirect": ""
          },
          "sensitive_attributes": [],
          "private": "bnVsbA==",
          "dependencies": [
            "module.wedding-site.aws_s3_bucket.site"
          ]
        },
        {
          "index_key": "index_files/e8a00155-fd7d-4477-b1ee-3877ab75f177~rt_auto-cr_0.684.2_003.webp",
          "schema_version": 0,
          "attributes": {
            "acl": null,
            "arn": "arn:aws:s3:::huynh.wehrly.com/index_files/e8a00155-fd7d-4477-b1ee-3877ab75f177~rt_auto-cr_0.684.2_003.webp",
            "bucket": "huynh.wehrly.com",
            "bucket_key_enabled": false,
            "cache_control": "",
            "checksum_algorithm": null,
            "checksum_crc32": "",
            "checksum_crc32c": "",
            "checksum_sha1": "",
            "checksum_sha256": "",
            "content": null,
            "content_base64": null,
            "content_disposition": "",
            "content_encoding": "",
            "content_language": "",
            "content_type": "image/webp",
            "etag": "a7a198dfbdc37ad2ccd31b79d03d1376",
            "force_destroy": false,
            "id": "index_files/e8a00155-fd7d-4477-b1ee-3877ab75f177~rt_auto-cr_0.684.2_003.webp",
            "key": "index_files/e8a00155-fd7d-4477-b1ee-3877ab75f177~rt_auto-cr_0.684.2_003.webp",
            "kms_key_id": null,
            "metadata": {},
            "object_lock_legal_hold_status": "",
            "object_lock_mode": "",
            "object_lock_retain_until_date": "",
            "override_provider": [],
            "server_side_encryption": "AES256",
            "source": "./wedding/index_files/e8a00155-fd7d-4477-b1ee-3877ab75f177~rt_auto-cr_0.684.2_003.webp",
            "source_hash": null,
            "storage_class": "STANDARD",
            "tags": {},
            "tags_all": {},
            "version_id": "",
            "website_redirect": ""
          },
          "sensitive_attributes": [],
          "private": "bnVsbA==",
          "dependencies": [
            "module.wedding-site.aws_s3_bucket.site"
          ]
        },
        {
          "index_key": "index_files/e8a00155-fd7d-4477-b1ee-3877ab75f177~rt_auto-cr_0.684.2_004.webp",
          "schema_version": 0,
          "attributes": {
            "acl": null,
            "arn": "arn:aws:s3:::huynh.wehrly.com/index_files/e8a00155-fd7d-4477-b1ee-3877ab75f177~rt_auto-cr_0.684.2_004.webp",
            "bucket": "huynh.wehrly.com",
            "bucket_key_enabled": false,
            "cache_control": "",
            "checksum_algorithm": null,
            "checksum_crc32": "",
            "checksum_crc32c": "",
            "checksum_sha1": "",
            "checksum_sha256": "",
            "content": null,
            "content_base64": null,
            "content_disposition": "",
            "content_encoding": "",
            "content_language": "",
            "content_type": "image/webp",
            "etag": "b27f6c07a55bf332d9025c5bf8496437",
            "force_destroy": false,
            "id": "index_files/e8a00155-fd7d-4477-b1ee-3877ab75f177~rt_auto-cr_0.684.2_004.webp",
            "key": "index_files/e8a00155-fd7d-4477-b1ee-3877ab75f177~rt_auto-cr_0.684.2_004.webp",
            "kms_key_id": null,
            "metadata": {},
            "object_lock_legal_hold_status": "",
            "object_lock_mode": "",
            "object_lock_retain_until_date": "",
            "override_provider": [],
            "server_side_encryption": "AES256",
            "source": "./wedding/index_files/e8a00155-fd7d-4477-b1ee-3877ab75f177~rt_auto-cr_0.684.2_004.webp",
            "source_hash": null,
            "storage_class": "STANDARD",
            "tags": {},
            "tags_all": {},
            "version_id": "",
            "website_redirect": ""
          },
          "sensitive_attributes": [],
          "private": "bnVsbA==",
          "dependencies": [
            "module.wedding-site.aws_s3_bucket.site"
          ]
        },
        {
          "index_key": "index_files/e8a00155-fd7d-4477-b1ee-3877ab75f177~rt_auto-cr_0.684.2_005.webp",
          "schema_version": 0,
          "attributes": {
            "acl": null,
            "arn": "arn:aws:s3:::huynh.wehrly.com/index_files/e8a00155-fd7d-4477-b1ee-3877ab75f177~rt_auto-cr_0.684.2_005.webp",
            "bucket": "huynh.wehrly.com",
            "bucket_key_enabled": false,
            "cache_control": "",
            "checksum_algorithm": null,
            "checksum_crc32": "",
            "checksum_crc32c": "",
            "checksum_sha1": "",
            "checksum_sha256": "",
            "content": null,
            "content_base64": null,
            "content_disposition": "",
            "content_encoding": "",
            "content_language": "",
            "content_type": "image/webp",
            "etag": "acea26cd771cf9a438945c32b7e89622",
            "force_destroy": false,
            "id": "index_files/e8a00155-fd7d-4477-b1ee-3877ab75f177~rt_auto-cr_0.684.2_005.webp",
            "key": "index_files/e8a00155-fd7d-4477-b1ee-3877ab75f177~rt_auto-cr_0.684.2_005.webp",
            "kms_key_id": null,
            "metadata": {},
            "object_lock_legal_hold_status": "",
            "object_lock_mode": "",
            "object_lock_retain_until_date": "",
            "override_provider": [],
            "server_side_encryption": "AES256",
            "source": "./wedding/index_files/e8a00155-fd7d-4477-b1ee-3877ab75f177~rt_auto-cr_0.684.2_005.webp",
            "source_hash": null,
            "storage_class": "STANDARD",
            "tags": {},
            "tags_all": {},
            "version_id": "",
            "website_redirect": ""
          },
          "sensitive_attributes": [],
          "private": "bnVsbA==",
          "dependencies": [
            "module.wedding-site.aws_s3_bucket.site"
          ]
        },
        {
          "index_key": "index_files/e8a00155-fd7d-4477-b1ee-3877ab75f177~rt_auto-cr_0.684.2_006.webp",
          "schema_version": 0,
          "attributes": {
            "acl": null,
            "arn": "arn:aws:s3:::huynh.wehrly.com/index_files/e8a00155-fd7d-4477-b1ee-3877ab75f177~rt_auto-cr_0.684.2_006.webp",
            "bucket": "huynh.wehrly.com",
            "bucket_key_enabled": false,
            "cache_control": "",
            "checksum_algorithm": null,
            "checksum_crc32": "",
            "checksum_crc32c": "",
            "checksum_sha1": "",
            "checksum_sha256": "",
            "content": null,
            "content_base64": null,
            "content_disposition": "",
            "content_encoding": "",
            "content_language": "",
            "content_type": "image/webp",
            "etag": "22d1e57108a12e1b66562341492bd13a",
            "force_destroy": false,
            "id": "index_files/e8a00155-fd7d-4477-b1ee-3877ab75f177~rt_auto-cr_0.684.2_006.webp",
            "key": "index_files/e8a00155-fd7d-4477-b1ee-3877ab75f177~rt_auto-cr_0.684.2_006.webp",
            "kms_key_id": null,
            "metadata": {},
            "object_lock_legal_hold_status": "",
            "object_lock_mode": "",
            "object_lock_retain_until_date": "",
            "override_provider": [],
            "server_side_encryption": "AES256",
            "source": "./wedding/index_files/e8a00155-fd7d-4477-b1ee-3877ab75f177~rt_auto-cr_0.684.2_006.webp",
            "source_hash": null,
            "storage_class": "STANDARD",
            "tags": {},
            "tags_all": {},
            "version_id": "",
            "website_redirect": ""
          },
          "sensitive_attributes": [],
          "private": "bnVsbA==",
          "dependencies": [
            "module.wedding-site.aws_s3_bucket.site"
          ]
        },
        {
          "index_key": "index_files/e8a00155-fd7d-4477-b1ee-3877ab75f177~rt_auto-cr_0.684.2_007.webp",
          "schema_version": 0,
          "attributes": {
            "acl": null,
            "arn": "arn:aws:s3:::huynh.wehrly.com/index_files/e8a00155-fd7d-4477-b1ee-3877ab75f177~rt_auto-cr_0.684.2_007.webp",
            "bucket": "huynh.wehrly.com",
            "bucket_key_enabled": false,
            "cache_control": "",
            "checksum_algorithm": null,
            "checksum_crc32": "",
            "checksum_crc32c": "",
            "checksum_sha1": "",
            "checksum_sha256": "",
            "content": null,
            "content_base64": null,
            "content_disposition": "",
            "content_encoding": "",
            "content_language": "",
            "content_type": "image/webp",
            "etag": "2034b5501043b27db89aa0fffb7fa170",
            "force_destroy": false,
            "id": "index_files/e8a00155-fd7d-4477-b1ee-3877ab75f177~rt_auto-cr_0.684.2_007.webp",
            "key": "index_files/e8a00155-fd7d-4477-b1ee-3877ab75f177~rt_auto-cr_0.684.2_007.webp",
            "kms_key_id": null,
            "metadata": {},
            "object_lock_legal_hold_status": "",
            "object_lock_mode": "",
            "object_lock_retain_until_date": "",
            "override_provider": [],
            "server_side_encryption": "AES256",
            "source": "./wedding/index_files/e8a00155-fd7d-4477-b1ee-3877ab75f177~rt_auto-cr_0.684.2_007.webp",
            "source_hash": null,
            "storage_class": "STANDARD",
            "tags": {},
            "tags_all": {},
            "version_id": "",
            "website_redirect": ""
          },
          "sensitive_attributes": [],
          "private": "bnVsbA==",
          "dependencies": [
            "module.wedding-site.aws_s3_bucket.site"
          ]
        },
        {
          "index_key": "index_files/e8a00155-fd7d-4477-b1ee-3877ab75f177~rt_auto-cr_0.684.2_008.webp",
          "schema_version": 0,
          "attributes": {
            "acl": null,
            "arn": "arn:aws:s3:::huynh.wehrly.com/index_files/e8a00155-fd7d-4477-b1ee-3877ab75f177~rt_auto-cr_0.684.2_008.webp",
            "bucket": "huynh.wehrly.com",
            "bucket_key_enabled": false,
            "cache_control": "",
            "checksum_algorithm": null,
            "checksum_crc32": "",
            "checksum_crc32c": "",
            "checksum_sha1": "",
            "checksum_sha256": "",
            "content": null,
            "content_base64": null,
            "content_disposition": "",
            "content_encoding": "",
            "content_language": "",
            "content_type": "image/webp",
            "etag": "f53b33b85915fcb10cc89119879dd88d",
            "force_destroy": false,
            "id": "index_files/e8a00155-fd7d-4477-b1ee-3877ab75f177~rt_auto-cr_0.684.2_008.webp",
            "key": "index_files/e8a00155-fd7d-4477-b1ee-3877ab75f177~rt_auto-cr_0.684.2_008.webp",
            "kms_key_id": null,
            "metadata": {},
            "object_lock_legal_hold_status": "",
            "object_lock_mode": "",
            "object_lock_retain_until_date": "",
            "override_provider": [],
            "server_side_encryption": "AES256",
            "source": "./wedding/index_files/e8a00155-fd7d-4477-b1ee-3877ab75f177~rt_auto-cr_0.684.2_008.webp",
            "source_hash": null,
            "storage_class": "STANDARD",
            "tags": {},
            "tags_all": {},
            "version_id": "",
            "website_redirect": ""
          },
          "sensitive_attributes": [],
          "private": "bnVsbA==",
          "dependencies": [
            "module.wedding-site.aws_s3_bucket.site"
          ]
        },
        {
          "index_key": "index_files/e8a00155-fd7d-4477-b1ee-3877ab75f177~rt_auto-cr_0.684.2_009.webp",
          "schema_version": 0,
          "attributes": {
            "acl": null,
            "arn": "arn:aws:s3:::huynh.wehrly.com/index_files/e8a00155-fd7d-4477-b1ee-3877ab75f177~rt_auto-cr_0.684.2_009.webp",
            "bucket": "huynh.wehrly.com",
            "bucket_key_enabled": false,
            "cache_control": "",
            "checksum_algorithm": null,
            "checksum_crc32": "",
            "checksum_crc32c": "",
            "checksum_sha1": "",
            "checksum_sha256": "",
            "content": null,
            "content_base64": null,
            "content_disposition": "",
            "content_encoding": "",
            "content_language": "",
            "content_type": "image/webp",
            "etag": "75f8d95b6b6750fa8d835f3fa38b0e37",
            "force_destroy": false,
            "id": "index_files/e8a00155-fd7d-4477-b1ee-3877ab75f177~rt_auto-cr_0.684.2_009.webp",
            "key": "index_files/e8a00155-fd7d-4477-b1ee-3877ab75f177~rt_auto-cr_0.684.2_009.webp",
            "kms_key_id": null,
            "metadata": {},
            "object_lock_legal_hold_status": "",
            "object_lock_mode": "",
            "object_lock_retain_until_date": "",
            "override_provider": [],
            "server_side_encryption": "AES256",
            "source": "./wedding/index_files/e8a00155-fd7d-4477-b1ee-3877ab75f177~rt_auto-cr_0.684.2_009.webp",
            "source_hash": null,
            "storage_class": "STANDARD",
            "tags": {},
            "tags_all": {},
            "version_id": "",
            "website_redirect": ""
          },
          "sensitive_attributes": [],
          "private": "bnVsbA==",
          "dependencies": [
            "module.wedding-site.aws_s3_bucket.site"
          ]
        },
        {
          "index_key": "index_files/e8a00155-fd7d-4477-b1ee-3877ab75f177~rt_auto-cr_0.684.2_010.webp",
          "schema_version": 0,
          "attributes": {
            "acl": null,
            "arn": "arn:aws:s3:::huynh.wehrly.com/index_files/e8a00155-fd7d-4477-b1ee-3877ab75f177~rt_auto-cr_0.684.2_010.webp",
            "bucket": "huynh.wehrly.com",
            "bucket_key_enabled": false,
            "cache_control": "",
            "checksum_algorithm": null,
            "checksum_crc32": "",
            "checksum_crc32c": "",
            "checksum_sha1": "",
            "checksum_sha256": "",
            "content": null,
            "content_base64": null,
            "content_disposition": "",
            "content_encoding": "",
            "content_language": "",
            "content_type": "image/webp",
            "etag": "628cef36915284643cac599963541dd7",
            "force_destroy": false,
            "id": "index_files/e8a00155-fd7d-4477-b1ee-3877ab75f177~rt_auto-cr_0.684.2_010.webp",
            "key": "index_files/e8a00155-fd7d-4477-b1ee-3877ab75f177~rt_auto-cr_0.684.2_010.webp",
            "kms_key_id": null,
            "metadata": {},
            "object_lock_legal_hold_status": "",
            "object_lock_mode": "",
            "object_lock_retain_until_date": "",
            "override_provider": [],
            "server_side_encryption": "AES256",
            "source": "./wedding/index_files/e8a00155-fd7d-4477-b1ee-3877ab75f177~rt_auto-cr_0.684.2_010.webp",
            "source_hash": null,
            "storage_class": "STANDARD",
            "tags": {},
            "tags_all": {},
            "version_id": "",
            "website_redirect": ""
          },
          "sensitive_attributes": [],
          "private": "bnVsbA==",
          "dependencies": [
            "module.wedding-site.aws_s3_bucket.site"
          ]
        },
        {
          "index_key": "index_files/e8a00155-fd7d-4477-b1ee-3877ab75f177~rt_auto-cr_0.684.2_011.webp",
          "schema_version": 0,
          "attributes": {
            "acl": null,
            "arn": "arn:aws:s3:::huynh.wehrly.com/index_files/e8a00155-fd7d-4477-b1ee-3877ab75f177~rt_auto-cr_0.684.2_011.webp",
            "bucket": "huynh.wehrly.com",
            "bucket_key_enabled": false,
            "cache_control": "",
            "checksum_algorithm": null,
            "checksum_crc32": "",
            "checksum_crc32c": "",
            "checksum_sha1": "",
            "checksum_sha256": "",
            "content": null,
            "content_base64": null,
            "content_disposition": "",
            "content_encoding": "",
            "content_language": "",
            "content_type": "image/webp",
            "etag": "21e2530b1d6648cec52093508d8152da",
            "force_destroy": false,
            "id": "index_files/e8a00155-fd7d-4477-b1ee-3877ab75f177~rt_auto-cr_0.684.2_011.webp",
            "key": "index_files/e8a00155-fd7d-4477-b1ee-3877ab75f177~rt_auto-cr_0.684.2_011.webp",
            "kms_key_id": null,
            "metadata": {},
            "object_lock_legal_hold_status": "",
            "object_lock_mode": "",
            "object_lock_retain_until_date": "",
            "override_provider": [],
            "server_side_encryption": "AES256",
            "source": "./wedding/index_files/e8a00155-fd7d-4477-b1ee-3877ab75f177~rt_auto-cr_0.684.2_011.webp",
            "source_hash": null,
            "storage_class": "STANDARD",
            "tags": {},
            "tags_all": {},
            "version_id": "",
            "website_redirect": ""
          },
          "sensitive_attributes": [],
          "private": "bnVsbA==",
          "dependencies": [
            "module.wedding-site.aws_s3_bucket.site"
          ]
        },
        {
          "index_key": "index_files/main.css",
          "schema_version": 0,
          "attributes": {
            "acl": null,
            "arn": "arn:aws:s3:::huynh.wehrly.com/index_files/main.css",
            "bucket": "huynh.wehrly.com",
            "bucket_key_enabled": false,
            "cache_control": "",
            "checksum_algorithm": null,
            "checksum_crc32": "",
            "checksum_crc32c": "",
            "checksum_sha1": "",
            "checksum_sha256": "",
            "content": null,
            "content_base64": null,
            "content_disposition": "",
            "content_encoding": "",
            "content_language": "",
            "content_type": "text/css; charset=utf-8",
            "etag": "3358c70a00b50b8fe01bd44c706297ae",
            "force_destroy": false,
            "id": "index_files/main.css",
            "key": "index_files/main.css",
            "kms_key_id": null,
            "metadata": {},
            "object_lock_legal_hold_status": "",
            "object_lock_mode": "",
            "object_lock_retain_until_date": "",
            "override_provider": [],
            "server_side_encryption": "AES256",
            "source": "./wedding/index_files/main.css",
            "source_hash": null,
            "storage_class": "STANDARD",
            "tags": {},
            "tags_all": {},
            "version_id": "",
            "website_redirect": ""
          },
          "sensitive_attributes": [],
          "private": "bnVsbA==",
          "dependencies": [
            "module.wedding-site.aws_s3_bucket.site"
          ]
        },
        {
          "index_key": "index_files/powered_by_logo.svg",
          "schema_version": 0,
          "attributes": {
            "acl": null,
            "arn": "arn:aws:s3:::huynh.wehrly.com/index_files/powered_by_logo.svg",
            "bucket": "huynh.wehrly.com",
            "bucket_key_enabled": false,
            "cache_control": "",
            "checksum_algorithm": null,
            "checksum_crc32": "",
            "checksum_crc32c": "",
            "checksum_sha1": "",
            "checksum_sha256": "",
            "content": null,
            "content_base64": null,
            "content_disposition": "",
            "content_encoding": "",
            "content_language": "",
            "content_type": "image/svg+xml",
            "etag": "63e737d3544164d2b7f4fbca416ac807",
            "force_destroy": false,
            "id": "index_files/powered_by_logo.svg",
            "key": "index_files/powered_by_logo.svg",
            "kms_key_id": null,
            "metadata": {},
            "object_lock_legal_hold_status": "",
            "object_lock_mode": "",
            "object_lock_retain_until_date": "",
            "override_provider": [],
            "server_side_encryption": "AES256",
            "source": "./wedding/index_files/powered_by_logo.svg",
            "source_hash": null,
            "storage_class": "STANDARD",
            "tags": {},
            "tags_all": {},
            "version_id": "",
            "website_redirect": ""
          },
          "sensitive_attributes": [],
          "private": "bnVsbA==",
          "dependencies": [
            "module.wedding-site.aws_s3_bucket.site"
          ]
        },
        {
          "index_key": "js/edub.js",
          "schema_version": 0,
          "attributes": {
            "acl": null,
            "arn": "arn:aws:s3:::huynh.wehrly.com/js/edub.js",
            "bucket": "huynh.wehrly.com",
            "bucket_key_enabled": false,
            "cache_control": "",
            "checksum_algorithm": null,
            "checksum_crc32": "",
            "checksum_crc32c": "",
            "checksum_sha1": "",
            "checksum_sha256": "",
            "content": null,
            "content_base64": null,
            "content_disposition": "",
            "content_encoding": "",
            "content_language": "",
            "content_type": "application/javascript",
            "etag": "a03c51832d8c172a29f573078edc1bdf",
            "force_destroy": false,
            "id": "js/edub.js",
            "key": "js/edub.js",
            "kms_key_id": null,
            "metadata": {},
            "object_lock_legal_hold_status": "",
            "object_lock_mode": "",
            "object_lock_retain_until_date": "",
            "override_provider": [],
            "server_side_encryption": "AES256",
            "source": "./wedding/js/edub.js",
            "source_hash": null,
            "storage_class": "STANDARD",
            "tags": {},
            "tags_all": {},
            "version_id": "",
            "website_redirect": ""
          },
          "sensitive_attributes": [],
          "private": "bnVsbA==",
          "dependencies": [
            "module.wedding-site.aws_s3_bucket.site"
          ]
        },
        {
          "index_key": "js/header.js",
          "schema_version": 0,
          "attributes": {
            "acl": null,
            "arn": "arn:aws:s3:::huynh.wehrly.com/js/header.js",
            "bucket": "huynh.wehrly.com",
            "bucket_key_enabled": false,
            "cache_control": "",
            "checksum_algorithm": null,
            "checksum_crc32": "",
            "checksum_crc32c": "",
            "checksum_sha1": "",
            "checksum_sha256": "",
            "content": null,
            "content_base64": null,
            "content_disposition": "",
            "content_encoding": "",
            "content_language": "",
            "content_type": "application/javascript",
            "etag": "692b0e722e20f314e806a699d6906cef",
            "force_destroy": false,
            "id": "js/header.js",
            "key": "js/header.js",
            "kms_key_id": null,
            "metadata": {},
            "object_lock_legal_hold_status": "",
            "object_lock_mode": "",
            "object_lock_retain_until_date": "",
            "override_provider": [],
            "server_side_encryption": "AES256",
            "source": "./wedding/js/header.js",
            "source_hash": null,
            "storage_class": "STANDARD",
            "tags": {},
            "tags_all": {},
            "version_id": "",
            "website_redirect": ""
          },
          "sensitive_attributes": [],
          "private": "bnVsbA==",
          "dependencies": [
            "module.wedding-site.aws_s3_bucket.site"
          ]
        },
        {
          "index_key": "lodging.htm",
          "schema_version": 0,
          "attributes": {
            "acl": null,
            "arn": "arn:aws:s3:::huynh.wehrly.com/lodging.htm",
            "bucket": "huynh.wehrly.com",
            "bucket_key_enabled": false,
            "cache_control": "",
            "checksum_algorithm": null,
            "checksum_crc32": "",
            "checksum_crc32c": "",
            "checksum_sha1": "",
            "checksum_sha256": "",
            "content": null,
            "content_base64": null,
            "content_disposition": "",
            "content_encoding": "",
            "content_language": "",
            "content_type": "text/html; charset=utf-8",
            "etag": "7096985cb232fad3b6dc98e7f3c78944",
            "force_destroy": false,
            "id": "lodging.htm",
            "key": "lodging.htm",
            "kms_key_id": null,
            "metadata": {},
            "object_lock_legal_hold_status": "",
            "object_lock_mode": "",
            "object_lock_retain_until_date": "",
            "override_provider": [],
            "server_side_encryption": "AES256",
            "source": "./wedding/lodging.htm",
            "source_hash": null,
            "storage_class": "STANDARD",
            "tags": {},
            "tags_all": {},
            "version_id": "",
            "website_redirect": ""
          },
          "sensitive_attributes": [],
          "private": "bnVsbA==",
          "dependencies": [
            "module.wedding-site.aws_s3_bucket.site"
          ]
        },
        {
          "index_key": "menu.json",
          "schema_version": 0,
          "attributes": {
            "acl": null,
            "arn": "arn:aws:s3:::huynh.wehrly.com/menu.json",
            "bucket": "huynh.wehrly.com",
            "bucket_key_enabled": false,
            "cache_control": "",
            "checksum_algorithm": null,
            "checksum_crc32": "",
            "checksum_crc32c": "",
            "checksum_sha1": "",
            "checksum_sha256": "",
            "content": null,
            "content_base64": null,
            "content_disposition": "",
            "content_encoding": "",
            "content_language": "",
            "content_type": "application/json",
            "etag": "e36d786afce6961c19a3950d11176e9a",
            "force_destroy": false,
            "id": "menu.json",
            "key": "menu.json",
            "kms_key_id": null,
            "metadata": {},
            "object_lock_legal_hold_status": "",
            "object_lock_mode": "",
            "object_lock_retain_until_date": "",
            "override_provider": [],
            "server_side_encryption": "AES256",
            "source": "./wedding/menu.json",
            "source_hash": null,
            "storage_class": "STANDARD",
            "tags": {},
            "tags_all": {},
            "version_id": "",
            "website_redirect": ""
          },
          "sensitive_attributes": [],
          "private": "bnVsbA==",
          "dependencies": [
            "module.wedding-site.aws_s3_bucket.site"
          ]
        },
        {
          "index_key": "our-story.htm",
          "schema_version": 0,
          "attributes": {
            "acl": null,
            "arn": "arn:aws:s3:::huynh.wehrly.com/our-story.htm",
            "bucket": "huynh.wehrly.com",
            "bucket_key_enabled": false,
            "cache_control": "",
            "checksum_algorithm": null,
            "checksum_crc32": "",
            "checksum_crc32c": "",
            "checksum_sha1": "",
            "checksum_sha256": "",
            "content": null,
            "content_base64": null,
            "content_disposition": "",
            "content_encoding": "",
            "content_language": "",
            "content_type": "text/html; charset=utf-8",
            "etag": "aeb5cdff8f146c3b9f3c53ebb79763bb",
            "force_destroy": false,
            "id": "our-story.htm",
            "key": "our-story.htm",
            "kms_key_id": null,
            "metadata": {},
            "object_lock_legal_hold_status": "",
            "object_lock_mode": "",
            "object_lock_retain_until_date": "",
            "override_provider": [],
            "server_side_encryption": "AES256",
            "source": "./wedding/our-story.htm",
            "source_hash": null,
            "storage_class": "STANDARD",
            "tags": {},
            "tags_all": {},
            "version_id": "",
            "website_redirect": ""
          },
          "sensitive_attributes": [],
          "private": "bnVsbA==",
          "dependencies": [
            "module.wedding-site.aws_s3_bucket.site"
          ]
        },
        {
          "index_key": "photos.htm",
          "schema_version": 0,
          "attributes": {
            "acl": null,
            "arn": "arn:aws:s3:::huynh.wehrly.com/photos.htm",
            "bucket": "huynh.wehrly.com",
            "bucket_key_enabled": false,
            "cache_control": "",
            "checksum_algorithm": null,
            "checksum_crc32": "",
            "checksum_crc32c": "",
            "checksum_sha1": "",
            "checksum_sha256": "",
            "content": null,
            "content_base64": null,
            "content_disposition": "",
            "content_encoding": "",
            "content_language": "",
            "content_type": "text/html; charset=utf-8",
            "etag": "cb331b9449e910d0a5a8051cc2199e80",
            "force_destroy": false,
            "id": "photos.htm",
            "key": "photos.htm",
            "kms_key_id": null,
            "metadata": {},
            "object_lock_legal_hold_status": "",
            "object_lock_mode": "",
            "object_lock_retain_until_date": "",
            "override_provider": [],
            "server_side_encryption": "AES256",
            "source": "./wedding/photos.htm",
            "source_hash": null,
            "storage_class": "STANDARD",
            "tags": {},
            "tags_all": {},
            "version_id": "",
            "website_redirect": ""
          },
          "sensitive_attributes": [],
          "private": "bnVsbA==",
          "dependencies": [
            "module.wedding-site.aws_s3_bucket.site"
          ]
        },
        {
          "index_key": "rsvp.htm",
          "schema_version": 0,
          "attributes": {
            "acl": null,
            "arn": "arn:aws:s3:::huynh.wehrly.com/rsvp.htm",
            "bucket": "huynh.wehrly.com",
            "bucket_key_enabled": false,
            "cache_control": "",
            "checksum_algorithm": null,
            "checksum_crc32": "",
            "checksum_crc32c": "",
            "checksum_sha1": "",
            "checksum_sha256": "",
            "content": null,
            "content_base64": null,
            "content_disposition": "",
            "content_encoding": "",
            "content_language": "",
            "content_type": "text/html; charset=utf-8",
            "etag": "c05b675e70a187e5fbf29755085e4475",
            "force_destroy": false,
            "id": "rsvp.htm",
            "key": "rsvp.htm",
            "kms_key_id": null,
            "metadata": {},
            "object_lock_legal_hold_status": "",
            "object_lock_mode": "",
            "object_lock_retain_until_date": "",
            "override_provider": [],
            "server_side_encryption": "AES256",
            "source": "./wedding/rsvp.htm",
            "source_hash": null,
            "storage_class": "STANDARD",
            "tags": {},
            "tags_all": {},
            "version_id": "",
            "website_redirect": ""
          },
          "sensitive_attributes": [],
          "private": "bnVsbA==",
          "dependencies": [
            "module.wedding-site.aws_s3_bucket.site"
          ]
        },
        {
          "index_key": "wedding-party-else.txt",
          "schema_version": 0,
          "attributes": {
            "acl": null,
            "arn": "arn:aws:s3:::huynh.wehrly.com/wedding-party-else.txt",
            "bucket": "huynh.wehrly.com",
            "bucket_key_enabled": false,
            "cache_control": "",
            "checksum_algorithm": null,
            "checksum_crc32": "",
            "checksum_crc32c": "",
            "checksum_sha1": "",
            "checksum_sha256": "",
            "content": null,
            "content_base64": null,
            "content_disposition": "",
            "content_encoding": "",
            "content_language": "",
            "content_type": "text/plain; charset=utf-8",
            "etag": "30fa1fa80eb29db581c3fed051e08984",
            "force_destroy": false,
            "id": "wedding-party-else.txt",
            "key": "wedding-party-else.txt",
            "kms_key_id": null,
            "metadata": {},
            "object_lock_legal_hold_status": "",
            "object_lock_mode": "",
            "object_lock_retain_until_date": "",
            "override_provider": [],
            "server_side_encryption": "AES256",
            "source": "./wedding/wedding-party-else.txt",
            "source_hash": null,
            "storage_class": "STANDARD",
            "tags": {},
            "tags_all": {},
            "version_id": "",
            "website_redirect": ""
          },
          "sensitive_attributes": [],
          "private": "bnVsbA==",
          "dependencies": [
            "module.wedding-site.aws_s3_bucket.site"
          ]
        },
        {
          "index_key": "wedding-party.htm",
          "schema_version": 0,
          "attributes": {
            "acl": null,
            "arn": "arn:aws:s3:::huynh.wehrly.com/wedding-party.htm",
            "bucket": "huynh.wehrly.com",
            "bucket_key_enabled": false,
            "cache_control": "",
            "checksum_algorithm": null,
            "checksum_crc32": "",
            "checksum_crc32c": "",
            "checksum_sha1": "",
            "checksum_sha256": "",
            "content": null,
            "content_base64": null,
            "content_disposition": "",
            "content_encoding": "",
            "content_language": "",
            "content_type": "text/html; charset=utf-8",
            "etag": "e1b676593fd5b7a25a171ccfcbb3f468",
            "force_destroy": false,
            "id": "wedding-party.htm",
            "key": "wedding-party.htm",
            "kms_key_id": null,
            "metadata": {},
            "object_lock_legal_hold_status": "",
            "object_lock_mode": "",
            "object_lock_retain_until_date": "",
            "override_provider": [],
            "server_side_encryption": "AES256",
            "source": "./wedding/wedding-party.htm",
            "source_hash": null,
            "storage_class": "STANDARD",
            "tags": {},
            "tags_all": {},
            "version_id": "",
            "website_redirect": ""
          },
          "sensitive_attributes": [],
          "private": "bnVsbA==",
          "dependencies": [
            "module.wedding-site.aws_s3_bucket.site"
          ]
        }
      ]
    },
    {
      "module": "module.www-site",
      "mode": "managed",
      "type": "aws_cloudfront_distribution",
      "name": "cdn",
      "provider": "module.www-site.provider[\"registry.terraform.io/hashicorp/aws\"]",
      "instances": [
        {
          "schema_version": 1,
          "attributes": {
            "aliases": [
              "www.wehrly.com"
            ],
            "arn": "arn:aws:cloudfront::428933486948:distribution/E33QRFYXGEDL3Z",
            "caller_reference": "terraform-20220816032852682000000002",
            "comment": null,
            "continuous_deployment_policy_id": "",
            "custom_error_response": [],
            "default_cache_behavior": [
              {
                "allowed_methods": [
                  "GET",
                  "HEAD",
                  "OPTIONS"
                ],
                "cache_policy_id": "",
                "cached_methods": [
                  "GET",
                  "HEAD"
                ],
                "compress": false,
                "default_ttl": 3600,
                "field_level_encryption_id": "",
                "forwarded_values": [
                  {
                    "cookies": [
                      {
                        "forward": "none",
                        "whitelisted_names": []
                      }
                    ],
                    "headers": [],
                    "query_string": true,
                    "query_string_cache_keys": []
                  }
                ],
                "function_association": [],
                "lambda_function_association": [],
                "max_ttl": 86400,
                "min_ttl": 0,
                "origin_request_policy_id": "",
                "realtime_log_config_arn": "",
                "response_headers_policy_id": "",
                "smooth_streaming": false,
                "target_origin_id": "www.wehrly.com",
                "trusted_key_groups": [],
                "trusted_signers": [],
                "viewer_protocol_policy": "redirect-to-https"
              }
            ],
            "default_root_object": "index.html",
            "domain_name": "d14hy5uz8pnpr2.cloudfront.net",
            "enabled": true,
            "etag": "E2SZ1GBW5GOFQF",
            "hosted_zone_id": "Z2FDTNDATAQYW2",
            "http_version": "http2",
            "id": "E33QRFYXGEDL3Z",
            "in_progress_validation_batches": 0,
            "is_ipv6_enabled": false,
            "last_modified_time": "2024-05-07 03:09:47.901 +0000 UTC",
            "logging_config": [],
            "ordered_cache_behavior": [],
            "origin": [
              {
                "connection_attempts": 3,
                "connection_timeout": 10,
                "custom_header": [],
                "custom_origin_config": [],
                "domain_name": "www.wehrly.com.s3.amazonaws.com",
                "origin_access_control_id": "",
                "origin_id": "www.wehrly.com",
                "origin_path": "",
                "origin_shield": [],
                "s3_origin_config": []
              }
            ],
            "origin_group": [],
            "price_class": "PriceClass_100",
            "restrictions": [
              {
                "geo_restriction": [
                  {
                    "locations": [],
                    "restriction_type": "none"
                  }
                ]
              }
            ],
            "retain_on_delete": false,
            "staging": false,
            "status": "Deployed",
            "tags": {},
            "tags_all": {},
            "trusted_key_groups": [
              {
                "enabled": false,
                "items": []
              }
            ],
            "trusted_signers": [
              {
                "enabled": false,
                "items": []
              }
            ],
            "viewer_certificate": [
              {
                "acm_certificate_arn": "arn:aws:acm:us-east-1:428933486948:certificate/1f1c2305-429b-4889-8b08-77ce681f18b1",
                "cloudfront_default_certificate": false,
                "iam_certificate_id": "",
                "minimum_protocol_version": "TLSv1",
                "ssl_support_method": "sni-only"
              }
            ],
            "wait_for_deployment": true,
            "web_acl_id": ""
          },
          "sensitive_attributes": [],
          "private": "eyJzY2hlbWFfdmVyc2lvbiI6IjEifQ=="
        }
      ]
    },
    {
      "module": "module.www-site",
      "mode": "managed",
      "type": "aws_route53_record",
      "name": "root_domain",
      "provider": "module.www-site.provider[\"registry.terraform.io/hashicorp/aws\"]",
      "instances": [
        {
          "schema_version": 2,
          "attributes": {
            "alias": [
              {
                "evaluate_target_health": false,
                "name": "d14hy5uz8pnpr2.cloudfront.net",
                "zone_id": "Z2FDTNDATAQYW2"
              }
            ],
            "allow_overwrite": null,
            "cidr_routing_policy": [],
            "failover_routing_policy": [],
            "fqdn": "www.wehrly.com",
            "geolocation_routing_policy": [],
            "geoproximity_routing_policy": [],
            "health_check_id": "",
            "id": "Z338L3MCT403SF_www.wehrly.com_A",
            "latency_routing_policy": [],
            "multivalue_answer_routing_policy": false,
            "name": "www.wehrly.com",
            "records": [],
            "set_identifier": "",
            "ttl": 0,
            "type": "A",
            "weighted_routing_policy": [],
            "zone_id": "Z338L3MCT403SF"
          },
          "sensitive_attributes": [],
          "private": "eyJzY2hlbWFfdmVyc2lvbiI6IjIifQ==",
          "dependencies": [
            "module.www-site.aws_cloudfront_distribution.cdn",
            "module.www-site.aws_route53_zone.main"
          ]
        }
      ]
    },
    {
      "module": "module.www-site",
      "mode": "managed",
      "type": "aws_route53_zone",
      "name": "main",
      "provider": "module.www-site.provider[\"registry.terraform.io/hashicorp/aws\"]",
      "instances": [
        {
          "schema_version": 0,
          "attributes": {
            "arn": "arn:aws:route53:::hostedzone/Z338L3MCT403SF",
            "comment": "Managed by Terraform",
            "delegation_set_id": "",
            "force_destroy": false,
            "id": "Z338L3MCT403SF",
            "name": "wehrly.com",
            "name_servers": [
              "ns-1277.awsdns-31.org",
              "ns-1693.awsdns-19.co.uk",
              "ns-27.awsdns-03.com",
              "ns-976.awsdns-58.net"
            ],
            "primary_name_server": "ns-27.awsdns-03.com",
            "tags": {},
            "tags_all": {},
            "vpc": [],
            "zone_id": "Z338L3MCT403SF"
          },
          "sensitive_attributes": [],
          "private": "bnVsbA=="
        }
      ]
    },
    {
      "module": "module.www-site",
      "mode": "managed",
      "type": "aws_s3_bucket",
      "name": "site",
      "provider": "module.www-site.provider[\"registry.terraform.io/hashicorp/aws\"]",
      "instances": [
        {
          "schema_version": 0,
          "attributes": {
            "acceleration_status": "",
            "acl": "public-read",
            "arn": "arn:aws:s3:::www.wehrly.com",
            "bucket": "www.wehrly.com",
            "bucket_domain_name": "www.wehrly.com.s3.amazonaws.com",
            "bucket_prefix": "",
            "bucket_regional_domain_name": "www.wehrly.com.s3.us-east-1.amazonaws.com",
            "cors_rule": [],
            "force_destroy": false,
            "grant": [
              {
                "id": "",
                "permissions": [
                  "READ"
                ],
                "type": "Group",
                "uri": "http://acs.amazonaws.com/groups/global/AllUsers"
              },
              {
                "id": "0375be2831d510f5a56e4538a24213259bbca3fb66d0750792d5d04a629b21d1",
                "permissions": [
                  "FULL_CONTROL"
                ],
                "type": "CanonicalUser",
                "uri": ""
              }
            ],
            "hosted_zone_id": "Z3AQBSTGFYJSTF",
            "id": "www.wehrly.com",
            "lifecycle_rule": [],
            "logging": [],
            "object_lock_configuration": [],
            "object_lock_enabled": false,
            "policy": "{\"Statement\":[{\"Action\":[\"s3:GetObject\"],\"Effect\":\"Allow\",\"Principal\":{\"AWS\":\"*\"},\"Resource\":[\"arn:aws:s3:::www.wehrly.com/*\"],\"Sid\":\"AllowPublicRead\"}],\"Version\":\"2008-10-17\"}",
            "region": "us-east-1",
            "replication_configuration": [],
            "request_payer": "BucketOwner",
            "server_side_encryption_configuration": [
              {
                "rule": [
                  {
                    "apply_server_side_encryption_by_default": [
                      {
                        "kms_master_key_id": "",
                        "sse_algorithm": "AES256"
                      }
                    ],
                    "bucket_key_enabled": false
                  }
                ]
              }
            ],
            "tags": {},
            "tags_all": {},
            "timeouts": null,
            "versioning": [
              {
                "enabled": false,
                "mfa_delete": false
              }
            ],
            "website": [
              {
                "error_document": "",
                "index_document": "index.html",
                "redirect_all_requests_to": "",
                "routing_rules": ""
              }
            ],
            "website_domain": "s3-website-us-east-1.amazonaws.com",
            "website_endpoint": "www.wehrly.com.s3-website-us-east-1.amazonaws.com"
          },
          "sensitive_attributes": [],
          "private": "bnVsbA=="
        }
      ]
    },
    {
      "module": "module.www-site",
      "mode": "managed",
      "type": "aws_s3_bucket_public_access_block",
      "name": "site_access",
      "provider": "module.www-site.provider[\"registry.terraform.io/hashicorp/aws\"]",
      "instances": [
        {
          "schema_version": 0,
          "attributes": {
            "block_public_acls": false,
            "block_public_policy": false,
            "bucket": "www.wehrly.com",
            "id": "www.wehrly.com",
            "ignore_public_acls": false,
            "restrict_public_buckets": false
          },
          "sensitive_attributes": [],
          "private": "bnVsbA==",
          "dependencies": [
            "module.www-site.aws_s3_bucket.site"
          ]
        }
      ]
    },
    {
      "module": "module.www-site",
      "mode": "managed",
      "type": "aws_s3_bucket_website_configuration",
      "name": "site_config",
      "provider": "module.www-site.provider[\"registry.terraform.io/hashicorp/aws\"]",
      "instances": [
        {
          "schema_version": 0,
          "attributes": {
            "bucket": "www.wehrly.com",
            "error_document": [],
            "expected_bucket_owner": "",
            "id": "www.wehrly.com",
            "index_document": [
              {
                "suffix": "index.html"
              }
            ],
            "redirect_all_requests_to": [],
            "routing_rule": [],
            "routing_rules": "",
            "website_domain": "s3-website-us-east-1.amazonaws.com",
            "website_endpoint": "www.wehrly.com.s3-website-us-east-1.amazonaws.com"
          },
          "sensitive_attributes": [],
          "private": "bnVsbA==",
          "dependencies": [
            "module.www-site.aws_s3_bucket.site"
          ]
        }
      ]
    }
  ]
}
